
Microsoft Visual Studio Solution File, Format Version 12.00
# Visual Studio 14
VisualStudioVersion = 14.0.24720.0
MinimumVisualStudioVersion = 10.0.40219.1
Project("{2150E333-8FDC-42A3-9474-1A3956D46DE8}") = "Business", "Business", "{03B2B974-18D3-4BA6-B5D9-A36BCDBBBEC7}"
EndProject
Project("{2150E333-8FDC-42A3-9474-1A3956D46DE8}") = "Common", "Common", "{74EA68DB-BD37-44DF-9583-7269A87EEEDC}"
EndProject
Project("{2150E333-8FDC-42A3-9474-1A3956D46DE8}") = "Utilities", "Utilities", "{63BFE8A4-C500-4429-96AE-4AE9F224AF86}"
EndProject
Project("{2150E333-8FDC-42A3-9474-1A3956D46DE8}") = "Dashboard", "Dashboard", "{0E9ED12E-2178-44DF-B991-D178D13A27D7}"
EndProject
Project("{2150E333-8FDC-42A3-9474-1A3956D46DE8}") = "Schedules", "Schedules", "{4DCCBC65-5398-486D-A448-DBF16BA71D0F}"
EndProject
Project("{FAE04EC0-301F-11D3-BF4B-00C04F79EFBC}") = "Common.Core", "Common\Common.Core\Common.Core.csproj", "{ADEB2DFE-615C-4D0C-A283-A155B55E443D}"
EndProject
Project("{FAE04EC0-301F-11D3-BF4B-00C04F79EFBC}") = "Business.Common", "Business\Business.Common\Business.Common.csproj", "{CCFAD4DA-48C4-454B-930D-6A81D2626E76}"
EndProject
Project("{FAE04EC0-301F-11D3-BF4B-00C04F79EFBC}") = "Business.Media", "Business\Business.Media\Business.Media.csproj", "{8248763F-1B88-43C4-BB98-30BEDEEF6434}"
EndProject
Project("{FAE04EC0-301F-11D3-BF4B-00C04F79EFBC}") = "Business.Calendar", "Business\Business.Calendar\Business.Calendar.csproj", "{D8982923-ED22-4102-A228-6BB5111F07E4}"
EndProject
Project("{FAE04EC0-301F-11D3-BF4B-00C04F79EFBC}") = "Business.Online", "Business\Business.Online\Business.Online.csproj", "{886DC89E-77E0-438E-9FB0-A5D76063C93A}"
EndProject
Project("{FAE04EC0-301F-11D3-BF4B-00C04F79EFBC}") = "Common.GUI", "Common\Common.GUI\Common.GUI.csproj", "{A97255F0-74B3-4C03-B623-EC0E37E80A3C}"
EndProject
Project("{FAE04EC0-301F-11D3-BF4B-00C04F79EFBC}") = "MonthCalendar", "Utilities\MonthCalendar\MonthCalendar.csproj", "{898ECB12-D464-4514-AE2E-45FE430FE04E}"
EndProject
Project("{2150E333-8FDC-42A3-9474-1A3956D46DE8}") = "Calendar", "Calendar", "{97B5C8E6-56DE-4927-AC25-B900276F1EC4}"
EndProject
Project("{FAE04EC0-301F-11D3-BF4B-00C04F79EFBC}") = "Calendar.Controls", "Schedules\Calendar\Calendar.Controls\Calendar.Controls.csproj", "{167BC40B-C87E-4972-B8A2-903F6F160B6B}"
EndProject
Project("{2150E333-8FDC-42A3-9474-1A3956D46DE8}") = "Online", "Online", "{428EA2C5-CCBE-4D29-9647-EA7CEC230E98}"
EndProject
Project("{FAE04EC0-301F-11D3-BF4B-00C04F79EFBC}") = "Online.Controls", "Schedules\OnlineSchedule\OnlineSchedule.Controls\Online.Controls.csproj", "{1C9B33CD-0FE1-431C-BBC4-88463568F891}"
EndProject
Project("{2150E333-8FDC-42A3-9474-1A3956D46DE8}") = "Media", "Media", "{95CF05B0-0A64-465E-8A53-CACB1C73F39A}"
EndProject
Project("{FAE04EC0-301F-11D3-BF4B-00C04F79EFBC}") = "Media.Controls", "Schedules\MediaSchedule\MediaSchedule.Controls\Media.Controls.csproj", "{F3572A95-E99D-485F-B4F3-EF26F49C094B}"
EndProject
Project("{FAE04EC0-301F-11D3-BF4B-00C04F79EFBC}") = "Media.Single", "Schedules\MediaSchedule\MediaSchedule.Single\Media.Single.csproj", "{B8FA28E9-7142-42D1-9C69-780B71D3940D}"
EndProject
Project("{FAE04EC0-301F-11D3-BF4B-00C04F79EFBC}") = "Media.Single.Radio", "Schedules\MediaSchedule\MediaSchedule.Single.Radio\Media.Single.Radio.csproj", "{CECD26CB-214E-4D4A-99EA-9E304D9AE439}"
EndProject
Project("{FAE04EC0-301F-11D3-BF4B-00C04F79EFBC}") = "Media.Single.TV", "Schedules\MediaSchedule\MediaSchedule.Single.TV\Media.Single.TV.csproj", "{BA45BB8E-FC67-459D-94DF-67DC686C6CA0}"
EndProject
Project("{FAE04EC0-301F-11D3-BF4B-00C04F79EFBC}") = "Reset", "Utilities\Reset\Reset.csproj", "{0051B719-73CA-46E5-864F-5235B91F53BD}"
EndProject
Project("{FAE04EC0-301F-11D3-BF4B-00C04F79EFBC}") = "PrepareSources", "Utilities\PrepareSources\PrepareSources.csproj", "{88C95A8E-C3FE-4CDF-B4B5-A53B63E835D3}"
EndProject
Project("{FAE04EC0-301F-11D3-BF4B-00C04F79EFBC}") = "CommandCentral", "Utilities\CommandCentral\CommandCentral.csproj", "{A1A7BD50-193C-4AB8-B73E-021B374FFCCA}"
EndProject
Project("{2150E333-8FDC-42A3-9474-1A3956D46DE8}") = "AdBar", "AdBar", "{CC52BF42-AD90-4DCD-8853-8B1DE3F5F081}"
EndProject
Project("{FAE04EC0-301F-11D3-BF4B-00C04F79EFBC}") = "AdBar.Plugins.Core", "AdBar\Plugins\AdBar.Plugins.Core\AdBar.Plugins.Core.csproj", "{D506B009-76DA-45BE-9F1B-C3124FE82EEC}"
EndProject
Project("{FAE04EC0-301F-11D3-BF4B-00C04F79EFBC}") = "AdBar.Plugins.Common", "AdBar\Plugins\AdBar.Plugins.Common\AdBar.Plugins.Common.csproj", "{A47658AE-39C4-4934-813E-46C034B4DC1F}"
EndProject
Project("{FAE04EC0-301F-11D3-BF4B-00C04F79EFBC}") = "AdBAR", "AdBar\App\AdBAR.csproj", "{35C8F2A0-BD3F-476F-A622-51531EAB91C2}"
EndProject
Project("{FAE04EC0-301F-11D3-BF4B-00C04F79EFBC}") = "Dashboard", "Dashboard\Dashboard.csproj", "{38D676F5-5D9D-441F-807F-5D44D93A5885}"
EndProject
Project("{FAE04EC0-301F-11D3-BF4B-00C04F79EFBC}") = "Business.Dashboard", "Business\Business.Dashboard\Business.Dashboard.csproj", "{B256A0EF-6FA9-4EB0-BA85-581EE07FA9EE}"
EndProject
Global
	GlobalSection(SolutionConfigurationPlatforms) = preSolution
		Debug|Any CPU = Debug|Any CPU
		Debug|Mixed Platforms = Debug|Mixed Platforms
		Debug|x86 = Debug|x86
		Release|Any CPU = Release|Any CPU
		Release|Mixed Platforms = Release|Mixed Platforms
		Release|x86 = Release|x86
	EndGlobalSection
	GlobalSection(ProjectConfigurationPlatforms) = postSolution
		{ADEB2DFE-615C-4D0C-A283-A155B55E443D}.Debug|Any CPU.ActiveCfg = Debug|Any CPU
		{ADEB2DFE-615C-4D0C-A283-A155B55E443D}.Debug|Any CPU.Build.0 = Debug|Any CPU
		{ADEB2DFE-615C-4D0C-A283-A155B55E443D}.Debug|Mixed Platforms.ActiveCfg = Debug|Any CPU
		{ADEB2DFE-615C-4D0C-A283-A155B55E443D}.Debug|Mixed Platforms.Build.0 = Debug|Any CPU
		{ADEB2DFE-615C-4D0C-A283-A155B55E443D}.Debug|x86.ActiveCfg = Debug|Any CPU
		{ADEB2DFE-615C-4D0C-A283-A155B55E443D}.Release|Any CPU.ActiveCfg = Release|Any CPU
		{ADEB2DFE-615C-4D0C-A283-A155B55E443D}.Release|Any CPU.Build.0 = Release|Any CPU
		{ADEB2DFE-615C-4D0C-A283-A155B55E443D}.Release|Mixed Platforms.ActiveCfg = Release|Any CPU
		{ADEB2DFE-615C-4D0C-A283-A155B55E443D}.Release|Mixed Platforms.Build.0 = Release|Any CPU
		{ADEB2DFE-615C-4D0C-A283-A155B55E443D}.Release|x86.ActiveCfg = Release|Any CPU
		{CCFAD4DA-48C4-454B-930D-6A81D2626E76}.Debug|Any CPU.ActiveCfg = Debug|Any CPU
		{CCFAD4DA-48C4-454B-930D-6A81D2626E76}.Debug|Any CPU.Build.0 = Debug|Any CPU
		{CCFAD4DA-48C4-454B-930D-6A81D2626E76}.Debug|Mixed Platforms.ActiveCfg = Debug|Any CPU
		{CCFAD4DA-48C4-454B-930D-6A81D2626E76}.Debug|Mixed Platforms.Build.0 = Debug|Any CPU
		{CCFAD4DA-48C4-454B-930D-6A81D2626E76}.Debug|x86.ActiveCfg = Debug|Any CPU
		{CCFAD4DA-48C4-454B-930D-6A81D2626E76}.Release|Any CPU.ActiveCfg = Release|Any CPU
		{CCFAD4DA-48C4-454B-930D-6A81D2626E76}.Release|Any CPU.Build.0 = Release|Any CPU
		{CCFAD4DA-48C4-454B-930D-6A81D2626E76}.Release|Mixed Platforms.ActiveCfg = Release|Any CPU
		{CCFAD4DA-48C4-454B-930D-6A81D2626E76}.Release|Mixed Platforms.Build.0 = Release|Any CPU
		{CCFAD4DA-48C4-454B-930D-6A81D2626E76}.Release|x86.ActiveCfg = Release|Any CPU
		{8248763F-1B88-43C4-BB98-30BEDEEF6434}.Debug|Any CPU.ActiveCfg = Debug|Any CPU
		{8248763F-1B88-43C4-BB98-30BEDEEF6434}.Debug|Any CPU.Build.0 = Debug|Any CPU
		{8248763F-1B88-43C4-BB98-30BEDEEF6434}.Debug|Mixed Platforms.ActiveCfg = Debug|Any CPU
		{8248763F-1B88-43C4-BB98-30BEDEEF6434}.Debug|Mixed Platforms.Build.0 = Debug|Any CPU
		{8248763F-1B88-43C4-BB98-30BEDEEF6434}.Debug|x86.ActiveCfg = Debug|Any CPU
		{8248763F-1B88-43C4-BB98-30BEDEEF6434}.Release|Any CPU.ActiveCfg = Release|Any CPU
		{8248763F-1B88-43C4-BB98-30BEDEEF6434}.Release|Any CPU.Build.0 = Release|Any CPU
		{8248763F-1B88-43C4-BB98-30BEDEEF6434}.Release|Mixed Platforms.ActiveCfg = Release|Any CPU
		{8248763F-1B88-43C4-BB98-30BEDEEF6434}.Release|Mixed Platforms.Build.0 = Release|Any CPU
		{8248763F-1B88-43C4-BB98-30BEDEEF6434}.Release|x86.ActiveCfg = Release|Any CPU
		{D8982923-ED22-4102-A228-6BB5111F07E4}.Debug|Any CPU.ActiveCfg = Debug|Any CPU
		{D8982923-ED22-4102-A228-6BB5111F07E4}.Debug|Any CPU.Build.0 = Debug|Any CPU
		{D8982923-ED22-4102-A228-6BB5111F07E4}.Debug|Mixed Platforms.ActiveCfg = Debug|Any CPU
		{D8982923-ED22-4102-A228-6BB5111F07E4}.Debug|Mixed Platforms.Build.0 = Debug|Any CPU
		{D8982923-ED22-4102-A228-6BB5111F07E4}.Debug|x86.ActiveCfg = Debug|Any CPU
		{D8982923-ED22-4102-A228-6BB5111F07E4}.Release|Any CPU.ActiveCfg = Release|Any CPU
		{D8982923-ED22-4102-A228-6BB5111F07E4}.Release|Any CPU.Build.0 = Release|Any CPU
		{D8982923-ED22-4102-A228-6BB5111F07E4}.Release|Mixed Platforms.ActiveCfg = Release|Any CPU
		{D8982923-ED22-4102-A228-6BB5111F07E4}.Release|Mixed Platforms.Build.0 = Release|Any CPU
		{D8982923-ED22-4102-A228-6BB5111F07E4}.Release|x86.ActiveCfg = Release|Any CPU
		{886DC89E-77E0-438E-9FB0-A5D76063C93A}.Debug|Any CPU.ActiveCfg = Debug|Any CPU
		{886DC89E-77E0-438E-9FB0-A5D76063C93A}.Debug|Any CPU.Build.0 = Debug|Any CPU
		{886DC89E-77E0-438E-9FB0-A5D76063C93A}.Debug|Mixed Platforms.ActiveCfg = Debug|Any CPU
		{886DC89E-77E0-438E-9FB0-A5D76063C93A}.Debug|Mixed Platforms.Build.0 = Debug|Any CPU
		{886DC89E-77E0-438E-9FB0-A5D76063C93A}.Debug|x86.ActiveCfg = Debug|Any CPU
		{886DC89E-77E0-438E-9FB0-A5D76063C93A}.Release|Any CPU.ActiveCfg = Release|Any CPU
		{886DC89E-77E0-438E-9FB0-A5D76063C93A}.Release|Any CPU.Build.0 = Release|Any CPU
		{886DC89E-77E0-438E-9FB0-A5D76063C93A}.Release|Mixed Platforms.ActiveCfg = Release|Any CPU
		{886DC89E-77E0-438E-9FB0-A5D76063C93A}.Release|Mixed Platforms.Build.0 = Release|Any CPU
		{886DC89E-77E0-438E-9FB0-A5D76063C93A}.Release|x86.ActiveCfg = Release|Any CPU
		{A97255F0-74B3-4C03-B623-EC0E37E80A3C}.Debug|Any CPU.ActiveCfg = Debug|Any CPU
		{A97255F0-74B3-4C03-B623-EC0E37E80A3C}.Debug|Any CPU.Build.0 = Debug|Any CPU
		{A97255F0-74B3-4C03-B623-EC0E37E80A3C}.Debug|Mixed Platforms.ActiveCfg = Debug|Any CPU
		{A97255F0-74B3-4C03-B623-EC0E37E80A3C}.Debug|Mixed Platforms.Build.0 = Debug|Any CPU
		{A97255F0-74B3-4C03-B623-EC0E37E80A3C}.Debug|x86.ActiveCfg = Debug|Any CPU
		{A97255F0-74B3-4C03-B623-EC0E37E80A3C}.Release|Any CPU.ActiveCfg = Release|Any CPU
		{A97255F0-74B3-4C03-B623-EC0E37E80A3C}.Release|Any CPU.Build.0 = Release|Any CPU
		{A97255F0-74B3-4C03-B623-EC0E37E80A3C}.Release|Mixed Platforms.ActiveCfg = Release|Any CPU
		{A97255F0-74B3-4C03-B623-EC0E37E80A3C}.Release|Mixed Platforms.Build.0 = Release|Any CPU
		{A97255F0-74B3-4C03-B623-EC0E37E80A3C}.Release|x86.ActiveCfg = Release|Any CPU
		{898ECB12-D464-4514-AE2E-45FE430FE04E}.Debug|Any CPU.ActiveCfg = Debug|Any CPU
		{898ECB12-D464-4514-AE2E-45FE430FE04E}.Debug|Any CPU.Build.0 = Debug|Any CPU
		{898ECB12-D464-4514-AE2E-45FE430FE04E}.Debug|Mixed Platforms.ActiveCfg = Debug|Any CPU
		{898ECB12-D464-4514-AE2E-45FE430FE04E}.Debug|Mixed Platforms.Build.0 = Debug|Any CPU
		{898ECB12-D464-4514-AE2E-45FE430FE04E}.Debug|x86.ActiveCfg = Debug|Any CPU
		{898ECB12-D464-4514-AE2E-45FE430FE04E}.Release|Any CPU.ActiveCfg = Release|Any CPU
		{898ECB12-D464-4514-AE2E-45FE430FE04E}.Release|Any CPU.Build.0 = Release|Any CPU
		{898ECB12-D464-4514-AE2E-45FE430FE04E}.Release|Mixed Platforms.ActiveCfg = Release|Any CPU
		{898ECB12-D464-4514-AE2E-45FE430FE04E}.Release|Mixed Platforms.Build.0 = Release|Any CPU
		{898ECB12-D464-4514-AE2E-45FE430FE04E}.Release|x86.ActiveCfg = Release|Any CPU
		{167BC40B-C87E-4972-B8A2-903F6F160B6B}.Debug|Any CPU.ActiveCfg = Debug|Any CPU
		{167BC40B-C87E-4972-B8A2-903F6F160B6B}.Debug|Any CPU.Build.0 = Debug|Any CPU
		{167BC40B-C87E-4972-B8A2-903F6F160B6B}.Debug|Mixed Platforms.ActiveCfg = Debug|x86
		{167BC40B-C87E-4972-B8A2-903F6F160B6B}.Debug|Mixed Platforms.Build.0 = Debug|x86
		{167BC40B-C87E-4972-B8A2-903F6F160B6B}.Debug|x86.ActiveCfg = Debug|x86
		{167BC40B-C87E-4972-B8A2-903F6F160B6B}.Debug|x86.Build.0 = Debug|x86
		{167BC40B-C87E-4972-B8A2-903F6F160B6B}.Release|Any CPU.ActiveCfg = Release|x86
		{167BC40B-C87E-4972-B8A2-903F6F160B6B}.Release|Mixed Platforms.ActiveCfg = Release|x86
		{167BC40B-C87E-4972-B8A2-903F6F160B6B}.Release|Mixed Platforms.Build.0 = Release|x86
		{167BC40B-C87E-4972-B8A2-903F6F160B6B}.Release|x86.ActiveCfg = Release|x86
		{167BC40B-C87E-4972-B8A2-903F6F160B6B}.Release|x86.Build.0 = Release|x86
		{1C9B33CD-0FE1-431C-BBC4-88463568F891}.Debug|Any CPU.ActiveCfg = Debug|Any CPU
		{1C9B33CD-0FE1-431C-BBC4-88463568F891}.Debug|Any CPU.Build.0 = Debug|Any CPU
		{1C9B33CD-0FE1-431C-BBC4-88463568F891}.Debug|Mixed Platforms.ActiveCfg = Debug|x86
		{1C9B33CD-0FE1-431C-BBC4-88463568F891}.Debug|Mixed Platforms.Build.0 = Debug|x86
		{1C9B33CD-0FE1-431C-BBC4-88463568F891}.Debug|Mixed Platforms.Deploy.0 = Debug|x86
		{1C9B33CD-0FE1-431C-BBC4-88463568F891}.Debug|x86.ActiveCfg = Debug|x86
		{1C9B33CD-0FE1-431C-BBC4-88463568F891}.Debug|x86.Build.0 = Debug|x86
		{1C9B33CD-0FE1-431C-BBC4-88463568F891}.Release|Any CPU.ActiveCfg = Release|x86
		{1C9B33CD-0FE1-431C-BBC4-88463568F891}.Release|Mixed Platforms.ActiveCfg = Release|x86
		{1C9B33CD-0FE1-431C-BBC4-88463568F891}.Release|Mixed Platforms.Build.0 = Release|x86
		{1C9B33CD-0FE1-431C-BBC4-88463568F891}.Release|x86.ActiveCfg = Release|x86
		{1C9B33CD-0FE1-431C-BBC4-88463568F891}.Release|x86.Build.0 = Release|x86
		{F3572A95-E99D-485F-B4F3-EF26F49C094B}.Debug|Any CPU.ActiveCfg = Debug|Any CPU
		{F3572A95-E99D-485F-B4F3-EF26F49C094B}.Debug|Any CPU.Build.0 = Debug|Any CPU
		{F3572A95-E99D-485F-B4F3-EF26F49C094B}.Debug|Mixed Platforms.ActiveCfg = Debug|Any CPU
		{F3572A95-E99D-485F-B4F3-EF26F49C094B}.Debug|Mixed Platforms.Build.0 = Debug|Any CPU
		{F3572A95-E99D-485F-B4F3-EF26F49C094B}.Debug|x86.ActiveCfg = Debug|Any CPU
		{F3572A95-E99D-485F-B4F3-EF26F49C094B}.Release|Any CPU.ActiveCfg = Release|Any CPU
		{F3572A95-E99D-485F-B4F3-EF26F49C094B}.Release|Any CPU.Build.0 = Release|Any CPU
		{F3572A95-E99D-485F-B4F3-EF26F49C094B}.Release|Mixed Platforms.ActiveCfg = Release|Any CPU
		{F3572A95-E99D-485F-B4F3-EF26F49C094B}.Release|Mixed Platforms.Build.0 = Release|Any CPU
		{F3572A95-E99D-485F-B4F3-EF26F49C094B}.Release|x86.ActiveCfg = Release|Any CPU
		{B8FA28E9-7142-42D1-9C69-780B71D3940D}.Debug|Any CPU.ActiveCfg = Debug|Any CPU
		{B8FA28E9-7142-42D1-9C69-780B71D3940D}.Debug|Any CPU.Build.0 = Debug|Any CPU
		{B8FA28E9-7142-42D1-9C69-780B71D3940D}.Debug|Mixed Platforms.ActiveCfg = Debug|Any CPU
		{B8FA28E9-7142-42D1-9C69-780B71D3940D}.Debug|Mixed Platforms.Build.0 = Debug|Any CPU
		{B8FA28E9-7142-42D1-9C69-780B71D3940D}.Debug|x86.ActiveCfg = Debug|Any CPU
		{B8FA28E9-7142-42D1-9C69-780B71D3940D}.Release|Any CPU.ActiveCfg = Release|Any CPU
		{B8FA28E9-7142-42D1-9C69-780B71D3940D}.Release|Any CPU.Build.0 = Release|Any CPU
		{B8FA28E9-7142-42D1-9C69-780B71D3940D}.Release|Mixed Platforms.ActiveCfg = Release|Any CPU
		{B8FA28E9-7142-42D1-9C69-780B71D3940D}.Release|Mixed Platforms.Build.0 = Release|Any CPU
		{B8FA28E9-7142-42D1-9C69-780B71D3940D}.Release|x86.ActiveCfg = Release|Any CPU
		{CECD26CB-214E-4D4A-99EA-9E304D9AE439}.Debug|Any CPU.ActiveCfg = Debug|Any CPU
		{CECD26CB-214E-4D4A-99EA-9E304D9AE439}.Debug|Any CPU.Build.0 = Debug|Any CPU
		{CECD26CB-214E-4D4A-99EA-9E304D9AE439}.Debug|Mixed Platforms.ActiveCfg = Debug|x86
		{CECD26CB-214E-4D4A-99EA-9E304D9AE439}.Debug|Mixed Platforms.Build.0 = Debug|x86
		{CECD26CB-214E-4D4A-99EA-9E304D9AE439}.Debug|x86.ActiveCfg = Debug|x86
		{CECD26CB-214E-4D4A-99EA-9E304D9AE439}.Debug|x86.Build.0 = Debug|x86
		{CECD26CB-214E-4D4A-99EA-9E304D9AE439}.Release|Any CPU.ActiveCfg = Release|x86
		{CECD26CB-214E-4D4A-99EA-9E304D9AE439}.Release|Mixed Platforms.ActiveCfg = Release|x86
		{CECD26CB-214E-4D4A-99EA-9E304D9AE439}.Release|Mixed Platforms.Build.0 = Release|x86
		{CECD26CB-214E-4D4A-99EA-9E304D9AE439}.Release|x86.ActiveCfg = Release|x86
		{CECD26CB-214E-4D4A-99EA-9E304D9AE439}.Release|x86.Build.0 = Release|x86
		{BA45BB8E-FC67-459D-94DF-67DC686C6CA0}.Debug|Any CPU.ActiveCfg = Debug|Any CPU
		{BA45BB8E-FC67-459D-94DF-67DC686C6CA0}.Debug|Any CPU.Build.0 = Debug|Any CPU
		{BA45BB8E-FC67-459D-94DF-67DC686C6CA0}.Debug|Mixed Platforms.ActiveCfg = Debug|x86
		{BA45BB8E-FC67-459D-94DF-67DC686C6CA0}.Debug|Mixed Platforms.Build.0 = Debug|x86
		{BA45BB8E-FC67-459D-94DF-67DC686C6CA0}.Debug|x86.ActiveCfg = Debug|x86
		{BA45BB8E-FC67-459D-94DF-67DC686C6CA0}.Debug|x86.Build.0 = Debug|x86
		{BA45BB8E-FC67-459D-94DF-67DC686C6CA0}.Release|Any CPU.ActiveCfg = Release|x86
		{BA45BB8E-FC67-459D-94DF-67DC686C6CA0}.Release|Mixed Platforms.ActiveCfg = Release|x86
		{BA45BB8E-FC67-459D-94DF-67DC686C6CA0}.Release|Mixed Platforms.Build.0 = Release|x86
		{BA45BB8E-FC67-459D-94DF-67DC686C6CA0}.Release|x86.ActiveCfg = Release|x86
		{BA45BB8E-FC67-459D-94DF-67DC686C6CA0}.Release|x86.Build.0 = Release|x86
		{0051B719-73CA-46E5-864F-5235B91F53BD}.Debug|Any CPU.ActiveCfg = Debug|Any CPU
		{0051B719-73CA-46E5-864F-5235B91F53BD}.Debug|Any CPU.Build.0 = Debug|Any CPU
		{0051B719-73CA-46E5-864F-5235B91F53BD}.Debug|Mixed Platforms.ActiveCfg = Debug|Any CPU
		{0051B719-73CA-46E5-864F-5235B91F53BD}.Debug|Mixed Platforms.Build.0 = Debug|Any CPU
		{0051B719-73CA-46E5-864F-5235B91F53BD}.Debug|x86.ActiveCfg = Debug|Any CPU
		{0051B719-73CA-46E5-864F-5235B91F53BD}.Release|Any CPU.ActiveCfg = Release|Any CPU
		{0051B719-73CA-46E5-864F-5235B91F53BD}.Release|Any CPU.Build.0 = Release|Any CPU
		{0051B719-73CA-46E5-864F-5235B91F53BD}.Release|Mixed Platforms.ActiveCfg = Release|Any CPU
		{0051B719-73CA-46E5-864F-5235B91F53BD}.Release|Mixed Platforms.Build.0 = Release|Any CPU
		{0051B719-73CA-46E5-864F-5235B91F53BD}.Release|x86.ActiveCfg = Release|Any CPU
		{88C95A8E-C3FE-4CDF-B4B5-A53B63E835D3}.Debug|Any CPU.ActiveCfg = Debug|Any CPU
		{88C95A8E-C3FE-4CDF-B4B5-A53B63E835D3}.Debug|Any CPU.Build.0 = Debug|Any CPU
		{88C95A8E-C3FE-4CDF-B4B5-A53B63E835D3}.Debug|Mixed Platforms.ActiveCfg = Debug|x86
		{88C95A8E-C3FE-4CDF-B4B5-A53B63E835D3}.Debug|Mixed Platforms.Build.0 = Debug|x86
		{88C95A8E-C3FE-4CDF-B4B5-A53B63E835D3}.Debug|Mixed Platforms.Deploy.0 = Debug|x86
		{88C95A8E-C3FE-4CDF-B4B5-A53B63E835D3}.Debug|x86.ActiveCfg = Debug|x86
		{88C95A8E-C3FE-4CDF-B4B5-A53B63E835D3}.Debug|x86.Build.0 = Debug|x86
		{88C95A8E-C3FE-4CDF-B4B5-A53B63E835D3}.Release|Any CPU.ActiveCfg = Release|x86
		{88C95A8E-C3FE-4CDF-B4B5-A53B63E835D3}.Release|Mixed Platforms.ActiveCfg = Release|x86
		{88C95A8E-C3FE-4CDF-B4B5-A53B63E835D3}.Release|Mixed Platforms.Build.0 = Release|x86
		{88C95A8E-C3FE-4CDF-B4B5-A53B63E835D3}.Release|x86.ActiveCfg = Release|x86
		{88C95A8E-C3FE-4CDF-B4B5-A53B63E835D3}.Release|x86.Build.0 = Release|x86
		{A1A7BD50-193C-4AB8-B73E-021B374FFCCA}.Debug|Any CPU.ActiveCfg = Debug|Any CPU
		{A1A7BD50-193C-4AB8-B73E-021B374FFCCA}.Debug|Any CPU.Build.0 = Debug|Any CPU
		{A1A7BD50-193C-4AB8-B73E-021B374FFCCA}.Debug|Mixed Platforms.ActiveCfg = Debug|x86
		{A1A7BD50-193C-4AB8-B73E-021B374FFCCA}.Debug|Mixed Platforms.Build.0 = Debug|x86
		{A1A7BD50-193C-4AB8-B73E-021B374FFCCA}.Debug|x86.ActiveCfg = Debug|x86
		{A1A7BD50-193C-4AB8-B73E-021B374FFCCA}.Debug|x86.Build.0 = Debug|x86
		{A1A7BD50-193C-4AB8-B73E-021B374FFCCA}.Release|Any CPU.ActiveCfg = Release|x86
		{A1A7BD50-193C-4AB8-B73E-021B374FFCCA}.Release|Mixed Platforms.ActiveCfg = Release|x86
		{A1A7BD50-193C-4AB8-B73E-021B374FFCCA}.Release|Mixed Platforms.Build.0 = Release|x86
		{A1A7BD50-193C-4AB8-B73E-021B374FFCCA}.Release|x86.ActiveCfg = Release|x86
		{A1A7BD50-193C-4AB8-B73E-021B374FFCCA}.Release|x86.Build.0 = Release|x86
		{D506B009-76DA-45BE-9F1B-C3124FE82EEC}.Debug|Any CPU.ActiveCfg = Debug|Any CPU
		{D506B009-76DA-45BE-9F1B-C3124FE82EEC}.Debug|Any CPU.Build.0 = Debug|Any CPU
		{D506B009-76DA-45BE-9F1B-C3124FE82EEC}.Debug|Mixed Platforms.ActiveCfg = Debug|Any CPU
		{D506B009-76DA-45BE-9F1B-C3124FE82EEC}.Debug|Mixed Platforms.Build.0 = Debug|Any CPU
		{D506B009-76DA-45BE-9F1B-C3124FE82EEC}.Debug|x86.ActiveCfg = Debug|Any CPU
		{D506B009-76DA-45BE-9F1B-C3124FE82EEC}.Debug|x86.Build.0 = Debug|Any CPU
		{D506B009-76DA-45BE-9F1B-C3124FE82EEC}.Release|Any CPU.ActiveCfg = Release|Any CPU
		{D506B009-76DA-45BE-9F1B-C3124FE82EEC}.Release|Any CPU.Build.0 = Release|Any CPU
		{D506B009-76DA-45BE-9F1B-C3124FE82EEC}.Release|Mixed Platforms.ActiveCfg = Release|Any CPU
		{D506B009-76DA-45BE-9F1B-C3124FE82EEC}.Release|Mixed Platforms.Build.0 = Release|Any CPU
		{D506B009-76DA-45BE-9F1B-C3124FE82EEC}.Release|x86.ActiveCfg = Release|Any CPU
		{D506B009-76DA-45BE-9F1B-C3124FE82EEC}.Release|x86.Build.0 = Release|Any CPU
		{A47658AE-39C4-4934-813E-46C034B4DC1F}.Debug|Any CPU.ActiveCfg = Debug|Any CPU
		{A47658AE-39C4-4934-813E-46C034B4DC1F}.Debug|Any CPU.Build.0 = Debug|Any CPU
		{A47658AE-39C4-4934-813E-46C034B4DC1F}.Debug|Mixed Platforms.ActiveCfg = Debug|Any CPU
		{A47658AE-39C4-4934-813E-46C034B4DC1F}.Debug|Mixed Platforms.Build.0 = Debug|Any CPU
		{A47658AE-39C4-4934-813E-46C034B4DC1F}.Debug|x86.ActiveCfg = Debug|Any CPU
		{A47658AE-39C4-4934-813E-46C034B4DC1F}.Debug|x86.Build.0 = Debug|Any CPU
		{A47658AE-39C4-4934-813E-46C034B4DC1F}.Release|Any CPU.ActiveCfg = Release|Any CPU
		{A47658AE-39C4-4934-813E-46C034B4DC1F}.Release|Any CPU.Build.0 = Release|Any CPU
		{A47658AE-39C4-4934-813E-46C034B4DC1F}.Release|Mixed Platforms.ActiveCfg = Release|Any CPU
		{A47658AE-39C4-4934-813E-46C034B4DC1F}.Release|Mixed Platforms.Build.0 = Release|Any CPU
		{A47658AE-39C4-4934-813E-46C034B4DC1F}.Release|x86.ActiveCfg = Release|Any CPU
		{A47658AE-39C4-4934-813E-46C034B4DC1F}.Release|x86.Build.0 = Release|Any CPU
		{35C8F2A0-BD3F-476F-A622-51531EAB91C2}.Debug|Any CPU.ActiveCfg = Debug|Any CPU
		{35C8F2A0-BD3F-476F-A622-51531EAB91C2}.Debug|Any CPU.Build.0 = Debug|Any CPU
		{35C8F2A0-BD3F-476F-A622-51531EAB91C2}.Debug|Mixed Platforms.ActiveCfg = Debug|Any CPU
		{35C8F2A0-BD3F-476F-A622-51531EAB91C2}.Debug|Mixed Platforms.Build.0 = Debug|Any CPU
		{35C8F2A0-BD3F-476F-A622-51531EAB91C2}.Debug|x86.ActiveCfg = Debug|Any CPU
		{35C8F2A0-BD3F-476F-A622-51531EAB91C2}.Debug|x86.Build.0 = Debug|Any CPU
		{35C8F2A0-BD3F-476F-A622-51531EAB91C2}.Release|Any CPU.ActiveCfg = Release|Any CPU
		{35C8F2A0-BD3F-476F-A622-51531EAB91C2}.Release|Any CPU.Build.0 = Release|Any CPU
		{35C8F2A0-BD3F-476F-A622-51531EAB91C2}.Release|Mixed Platforms.ActiveCfg = Release|Any CPU
		{35C8F2A0-BD3F-476F-A622-51531EAB91C2}.Release|Mixed Platforms.Build.0 = Release|Any CPU
		{35C8F2A0-BD3F-476F-A622-51531EAB91C2}.Release|x86.ActiveCfg = Release|Any CPU
		{35C8F2A0-BD3F-476F-A622-51531EAB91C2}.Release|x86.Build.0 = Release|Any CPU
		{38D676F5-5D9D-441F-807F-5D44D93A5885}.Debug|Any CPU.ActiveCfg = Debug|Any CPU
		{38D676F5-5D9D-441F-807F-5D44D93A5885}.Debug|Any CPU.Build.0 = Debug|Any CPU
		{38D676F5-5D9D-441F-807F-5D44D93A5885}.Debug|Mixed Platforms.ActiveCfg = Debug|Any CPU
		{38D676F5-5D9D-441F-807F-5D44D93A5885}.Debug|Mixed Platforms.Build.0 = Debug|Any CPU
		{38D676F5-5D9D-441F-807F-5D44D93A5885}.Debug|x86.ActiveCfg = Debug|Any CPU
		{38D676F5-5D9D-441F-807F-5D44D93A5885}.Debug|x86.Build.0 = Debug|Any CPU
		{38D676F5-5D9D-441F-807F-5D44D93A5885}.Release|Any CPU.ActiveCfg = Release|Any CPU
		{38D676F5-5D9D-441F-807F-5D44D93A5885}.Release|Any CPU.Build.0 = Release|Any CPU
		{38D676F5-5D9D-441F-807F-5D44D93A5885}.Release|Mixed Platforms.ActiveCfg = Release|Any CPU
		{38D676F5-5D9D-441F-807F-5D44D93A5885}.Release|Mixed Platforms.Build.0 = Release|Any CPU
		{38D676F5-5D9D-441F-807F-5D44D93A5885}.Release|x86.ActiveCfg = Release|Any CPU
		{38D676F5-5D9D-441F-807F-5D44D93A5885}.Release|x86.Build.0 = Release|Any CPU
		{B256A0EF-6FA9-4EB0-BA85-581EE07FA9EE}.Debug|Any CPU.ActiveCfg = Debug|Any CPU
		{B256A0EF-6FA9-4EB0-BA85-581EE07FA9EE}.Debug|Any CPU.Build.0 = Debug|Any CPU
		{B256A0EF-6FA9-4EB0-BA85-581EE07FA9EE}.Debug|Mixed Platforms.ActiveCfg = Debug|Any CPU
		{B256A0EF-6FA9-4EB0-BA85-581EE07FA9EE}.Debug|Mixed Platforms.Build.0 = Debug|Any CPU
		{B256A0EF-6FA9-4EB0-BA85-581EE07FA9EE}.Debug|x86.ActiveCfg = Debug|Any CPU
		{B256A0EF-6FA9-4EB0-BA85-581EE07FA9EE}.Debug|x86.Build.0 = Debug|Any CPU
		{B256A0EF-6FA9-4EB0-BA85-581EE07FA9EE}.Release|Any CPU.ActiveCfg = Release|Any CPU
		{B256A0EF-6FA9-4EB0-BA85-581EE07FA9EE}.Release|Any CPU.Build.0 = Release|Any CPU
		{B256A0EF-6FA9-4EB0-BA85-581EE07FA9EE}.Release|Mixed Platforms.ActiveCfg = Release|Any CPU
		{B256A0EF-6FA9-4EB0-BA85-581EE07FA9EE}.Release|Mixed Platforms.Build.0 = Release|Any CPU
		{B256A0EF-6FA9-4EB0-BA85-581EE07FA9EE}.Release|x86.ActiveCfg = Release|Any CPU
		{B256A0EF-6FA9-4EB0-BA85-581EE07FA9EE}.Release|x86.Build.0 = Release|Any CPU
	EndGlobalSection
	GlobalSection(SolutionProperties) = preSolution
		HideSolutionNode = FALSE
	EndGlobalSection
	GlobalSection(NestedProjects) = preSolution
		{ADEB2DFE-615C-4D0C-A283-A155B55E443D} = {74EA68DB-BD37-44DF-9583-7269A87EEEDC}
		{CCFAD4DA-48C4-454B-930D-6A81D2626E76} = {03B2B974-18D3-4BA6-B5D9-A36BCDBBBEC7}
		{8248763F-1B88-43C4-BB98-30BEDEEF6434} = {03B2B974-18D3-4BA6-B5D9-A36BCDBBBEC7}
		{D8982923-ED22-4102-A228-6BB5111F07E4} = {03B2B974-18D3-4BA6-B5D9-A36BCDBBBEC7}
		{886DC89E-77E0-438E-9FB0-A5D76063C93A} = {03B2B974-18D3-4BA6-B5D9-A36BCDBBBEC7}
		{A97255F0-74B3-4C03-B623-EC0E37E80A3C} = {74EA68DB-BD37-44DF-9583-7269A87EEEDC}
		{898ECB12-D464-4514-AE2E-45FE430FE04E} = {63BFE8A4-C500-4429-96AE-4AE9F224AF86}
		{97B5C8E6-56DE-4927-AC25-B900276F1EC4} = {4DCCBC65-5398-486D-A448-DBF16BA71D0F}
		{167BC40B-C87E-4972-B8A2-903F6F160B6B} = {97B5C8E6-56DE-4927-AC25-B900276F1EC4}
		{428EA2C5-CCBE-4D29-9647-EA7CEC230E98} = {4DCCBC65-5398-486D-A448-DBF16BA71D0F}
		{1C9B33CD-0FE1-431C-BBC4-88463568F891} = {428EA2C5-CCBE-4D29-9647-EA7CEC230E98}
		{95CF05B0-0A64-465E-8A53-CACB1C73F39A} = {4DCCBC65-5398-486D-A448-DBF16BA71D0F}
		{F3572A95-E99D-485F-B4F3-EF26F49C094B} = {95CF05B0-0A64-465E-8A53-CACB1C73F39A}
		{B8FA28E9-7142-42D1-9C69-780B71D3940D} = {95CF05B0-0A64-465E-8A53-CACB1C73F39A}
		{CECD26CB-214E-4D4A-99EA-9E304D9AE439} = {95CF05B0-0A64-465E-8A53-CACB1C73F39A}
		{BA45BB8E-FC67-459D-94DF-67DC686C6CA0} = {95CF05B0-0A64-465E-8A53-CACB1C73F39A}
		{0051B719-73CA-46E5-864F-5235B91F53BD} = {63BFE8A4-C500-4429-96AE-4AE9F224AF86}
		{88C95A8E-C3FE-4CDF-B4B5-A53B63E835D3} = {63BFE8A4-C500-4429-96AE-4AE9F224AF86}
		{A1A7BD50-193C-4AB8-B73E-021B374FFCCA} = {63BFE8A4-C500-4429-96AE-4AE9F224AF86}
		{D506B009-76DA-45BE-9F1B-C3124FE82EEC} = {CC52BF42-AD90-4DCD-8853-8B1DE3F5F081}
		{A47658AE-39C4-4934-813E-46C034B4DC1F} = {CC52BF42-AD90-4DCD-8853-8B1DE3F5F081}
		{35C8F2A0-BD3F-476F-A622-51531EAB91C2} = {CC52BF42-AD90-4DCD-8853-8B1DE3F5F081}
		{38D676F5-5D9D-441F-807F-5D44D93A5885} = {0E9ED12E-2178-44DF-B991-D178D13A27D7}
		{B256A0EF-6FA9-4EB0-BA85-581EE07FA9EE} = {03B2B974-18D3-4BA6-B5D9-A36BCDBBBEC7}
	EndGlobalSection
EndGlobal
