
Microsoft Visual Studio Solution File, Format Version 11.00
# Visual Studio 2010
Project("{2150E333-8FDC-42A3-9474-1A3956D46DE8}") = "Utilities", "Utilities", "{6A3200CB-5F81-4E16-B5FB-32BF9395C98E}"
EndProject
Project("{2150E333-8FDC-42A3-9474-1A3956D46DE8}") = "Minibar", "Minibar", "{49D8E4D2-CDB3-4434-B007-78C7B7B90EBF}"
EndProject
Project("{2150E333-8FDC-42A3-9474-1A3956D46DE8}") = "Add-Ins", "Add-Ins", "{E440F31D-4D28-4831-B588-067E9BA4DB5B}"
EndProject
Project("{2150E333-8FDC-42A3-9474-1A3956D46DE8}") = "Schedules", "Schedules", "{9AAA7A51-A9C1-4D90-8942-4464D345F4B4}"
EndProject
Project("{2150E333-8FDC-42A3-9474-1A3956D46DE8}") = "AdSchedule", "AdSchedule", "{E900F195-9597-4D32-A963-E461E3416906}"
EndProject
Project("{2150E333-8FDC-42A3-9474-1A3956D46DE8}") = "Calendar", "Calendar", "{1D295FAE-1B42-44EE-89A8-503AF8A9BD94}"
EndProject
Project("{2150E333-8FDC-42A3-9474-1A3956D46DE8}") = "MobileSchedule", "MobileSchedule", "{EE336330-3CEC-4CD5-8023-54FA25C18D96}"
EndProject
Project("{2150E333-8FDC-42A3-9474-1A3956D46DE8}") = "OnlineSchedule", "OnlineSchedule", "{A74EFED6-90BD-4035-8F81-CE19F6CAEF09}"
EndProject
Project("{2150E333-8FDC-42A3-9474-1A3956D46DE8}") = "TVSchedule", "TVSchedule", "{22EE4B83-28BC-4CE0-870D-11C781C6BEAB}"
EndProject
Project("{2150E333-8FDC-42A3-9474-1A3956D46DE8}") = "RadionSchedule", "RadionSchedule", "{976F89E2-32D5-450E-A7AE-01CC3865C854}"
EndProject
Project("{FAE04EC0-301F-11D3-BF4B-00C04F79EFBC}") = "NewBizWiz.Core", "NewBizWiz.Core\NewBizWiz.Core.csproj", "{164AB808-DBD3-4D71-9431-5A5B44B70593}"
EndProject
Project("{FAE04EC0-301F-11D3-BF4B-00C04F79EFBC}") = "NewBizWiz.Dashboard", "NewBizWiz.Dashboard\NewBizWiz.Dashboard.csproj", "{26FC7464-A2AC-4555-A8AD-8C91211749FE}"
EndProject
Project("{FAE04EC0-301F-11D3-BF4B-00C04F79EFBC}") = "NewBizWiz.MiniBar", "Minibar\MiniBar\NewBizWiz.MiniBar.csproj", "{52194A43-F3FE-404C-BFAA-9759B8317DD7}"
EndProject
Project("{FAE04EC0-301F-11D3-BF4B-00C04F79EFBC}") = "NewBizWiz.MiniBarLoader", "Minibar\MiniBarLoader\NewBizWiz.MiniBarLoader.csproj", "{057D0986-25AE-49AC-A5CE-92C415198DD4}"
EndProject
Project("{FAE04EC0-301F-11D3-BF4B-00C04F79EFBC}") = "NewBizWiz.PowerPointLoader", "Minibar\PowerPointLoader\NewBizWiz.PowerPointLoader.csproj", "{FBB8EE30-CE9B-41CA-8113-3AD4F385BB37}"
EndProject
Project("{FAE04EC0-301F-11D3-BF4B-00C04F79EFBC}") = "NewBizWiz.ResetSoftware", "Minibar\ResetSoftware\NewBizWiz.ResetSoftware.csproj", "{12C85BA7-EBA5-4F88-944D-0C2773168A54}"
EndProject
Project("{FAE04EC0-301F-11D3-BF4B-00C04F79EFBC}") = "NewBizWiz.SyncPC", "Minibar\SyncPC\NewBizWiz.SyncPC.csproj", "{958DA5AE-C7B9-43E0-8B45-E4A4BC31B2B7}"
EndProject
Project("{FAE04EC0-301F-11D3-BF4B-00C04F79EFBC}") = "AdSalesAddIn", "Add-Ins\AdSalesAddIn\AdSalesAddIn.csproj", "{1D3A225D-B333-4771-B5B6-2D21EB8FF256}"
EndProject
Project("{FAE04EC0-301F-11D3-BF4B-00C04F79EFBC}") = "CustomSlidesAddIn", "Add-Ins\CustomSlidesAddIn\CustomSlidesAddIn.csproj", "{31A83F78-22BA-456D-A112-B5DC715334BD}"
EndProject
Project("{FAE04EC0-301F-11D3-BF4B-00C04F79EFBC}") = "ClearZoneInfo", "Utilities\ClearZoneInfo\ClearZoneInfo.csproj", "{F96B60F9-6BB2-4A8B-BB88-F2B17DB1CF18}"
EndProject
Project("{FAE04EC0-301F-11D3-BF4B-00C04F79EFBC}") = "CommandCentral", "Utilities\CommandCentral\CommandCentral.csproj", "{A1A7BD50-193C-4AB8-B73E-021B374FFCCA}"
EndProject
Project("{FAE04EC0-301F-11D3-BF4B-00C04F79EFBC}") = "MonthCalendar", "Utilities\MonthCalendar\MonthCalendar.csproj", "{898ECB12-D464-4514-AE2E-45FE430FE04E}"
EndProject
Project("{FAE04EC0-301F-11D3-BF4B-00C04F79EFBC}") = "PrepareSources", "Utilities\PrepareSources\PrepareSources.csproj", "{88C95A8E-C3FE-4CDF-B4B5-A53B63E835D3}"
EndProject
Project("{FAE04EC0-301F-11D3-BF4B-00C04F79EFBC}") = "Runner", "Utilities\Runner\Runner.csproj", "{D7D70639-3F03-4455-B84D-28734ADC23DA}"
EndProject
Project("{FAE04EC0-301F-11D3-BF4B-00C04F79EFBC}") = "NewBizWiz.AdSchedule.Controls", "Schedules\AdSchedule\AdSchedule.Controls\NewBizWiz.AdSchedule.Controls.csproj", "{B096C96B-E96F-4223-AE01-B32D3730DC82}"
EndProject
Project("{FAE04EC0-301F-11D3-BF4B-00C04F79EFBC}") = "NewBizWiz.AdSchedule.Internal", "Schedules\AdSchedule\AdSchedule.Internal\NewBizWiz.AdSchedule.Internal.csproj", "{C4A3DF41-C6D7-4209-9EFB-07FA7DF86327}"
EndProject
Project("{FAE04EC0-301F-11D3-BF4B-00C04F79EFBC}") = "CalendarBuilder", "Schedules\Calendar\Calendar.Controls\CalendarBuilder.csproj", "{167BC40B-C87E-4972-B8A2-903F6F160B6B}"
EndProject
Project("{FAE04EC0-301F-11D3-BF4B-00C04F79EFBC}") = "MobileScheduleBuilder", "Schedules\MobileSchedule\MobileSchedule.Controls\MobileScheduleBuilder.csproj", "{F0D62D46-3148-4BC4-93F8-35DC31AC28AA}"
EndProject
Project("{FAE04EC0-301F-11D3-BF4B-00C04F79EFBC}") = "NewBizWiz.OnlineSchedule.Controls", "Schedules\OnlineSchedule\OnlineSchedule.Controls\NewBizWiz.OnlineSchedule.Controls.csproj", "{1C9B33CD-0FE1-431C-BBC4-88463568F891}"
EndProject
Project("{FAE04EC0-301F-11D3-BF4B-00C04F79EFBC}") = "NewBizWiz.OnlineSchedule.Internal", "Schedules\OnlineSchedule\OnlineSchedule.Internal\NewBizWiz.OnlineSchedule.Internal.csproj", "{14338B89-EEC4-45CC-A87F-2507FE32A32E}"
EndProject
Project("{FAE04EC0-301F-11D3-BF4B-00C04F79EFBC}") = "RadioScheduleBuilder", "Schedules\RadioSchedule\RadioSchedule.Controls\RadioScheduleBuilder.csproj", "{D127B824-535C-48B9-A574-7EB167B85775}"
EndProject
Project("{FAE04EC0-301F-11D3-BF4B-00C04F79EFBC}") = "TVScheduleBuilder", "Schedules\TVSchedule\TVSchedule.Controls\TVScheduleBuilder.csproj", "{56864914-D91D-4157-A441-E0FE1F95F25E}"
EndProject
Global
	GlobalSection(SolutionConfigurationPlatforms) = preSolution
		Debug|Any CPU = Debug|Any CPU
		Debug|Mixed Platforms = Debug|Mixed Platforms
		Debug|x86 = Debug|x86
		Release|Any CPU = Release|Any CPU
		Release|Mixed Platforms = Release|Mixed Platforms
		Release|x86 = Release|x86
	EndGlobalSection
	GlobalSection(ProjectConfigurationPlatforms) = postSolution
		{164AB808-DBD3-4D71-9431-5A5B44B70593}.Debug|Any CPU.ActiveCfg = Debug|Any CPU
		{164AB808-DBD3-4D71-9431-5A5B44B70593}.Debug|Any CPU.Build.0 = Debug|Any CPU
		{164AB808-DBD3-4D71-9431-5A5B44B70593}.Debug|Mixed Platforms.ActiveCfg = Debug|Any CPU
		{164AB808-DBD3-4D71-9431-5A5B44B70593}.Debug|Mixed Platforms.Build.0 = Debug|Any CPU
		{164AB808-DBD3-4D71-9431-5A5B44B70593}.Debug|x86.ActiveCfg = Debug|Any CPU
		{164AB808-DBD3-4D71-9431-5A5B44B70593}.Release|Any CPU.ActiveCfg = Release|Any CPU
		{164AB808-DBD3-4D71-9431-5A5B44B70593}.Release|Any CPU.Build.0 = Release|Any CPU
		{164AB808-DBD3-4D71-9431-5A5B44B70593}.Release|Mixed Platforms.ActiveCfg = Release|Any CPU
		{164AB808-DBD3-4D71-9431-5A5B44B70593}.Release|Mixed Platforms.Build.0 = Release|Any CPU
		{164AB808-DBD3-4D71-9431-5A5B44B70593}.Release|x86.ActiveCfg = Release|Any CPU
		{26FC7464-A2AC-4555-A8AD-8C91211749FE}.Debug|Any CPU.ActiveCfg = Debug|Any CPU
		{26FC7464-A2AC-4555-A8AD-8C91211749FE}.Debug|Any CPU.Build.0 = Debug|Any CPU
		{26FC7464-A2AC-4555-A8AD-8C91211749FE}.Debug|Mixed Platforms.ActiveCfg = Debug|Any CPU
		{26FC7464-A2AC-4555-A8AD-8C91211749FE}.Debug|Mixed Platforms.Build.0 = Debug|Any CPU
		{26FC7464-A2AC-4555-A8AD-8C91211749FE}.Debug|x86.ActiveCfg = Debug|Any CPU
		{26FC7464-A2AC-4555-A8AD-8C91211749FE}.Release|Any CPU.ActiveCfg = Release|Any CPU
		{26FC7464-A2AC-4555-A8AD-8C91211749FE}.Release|Any CPU.Build.0 = Release|Any CPU
		{26FC7464-A2AC-4555-A8AD-8C91211749FE}.Release|Mixed Platforms.ActiveCfg = Release|Any CPU
		{26FC7464-A2AC-4555-A8AD-8C91211749FE}.Release|Mixed Platforms.Build.0 = Release|Any CPU
		{26FC7464-A2AC-4555-A8AD-8C91211749FE}.Release|x86.ActiveCfg = Release|Any CPU
		{52194A43-F3FE-404C-BFAA-9759B8317DD7}.Debug|Any CPU.ActiveCfg = Debug|x86
		{52194A43-F3FE-404C-BFAA-9759B8317DD7}.Debug|Mixed Platforms.ActiveCfg = Debug|x86
		{52194A43-F3FE-404C-BFAA-9759B8317DD7}.Debug|Mixed Platforms.Build.0 = Debug|x86
		{52194A43-F3FE-404C-BFAA-9759B8317DD7}.Debug|x86.ActiveCfg = Debug|x86
		{52194A43-F3FE-404C-BFAA-9759B8317DD7}.Debug|x86.Build.0 = Debug|x86
		{52194A43-F3FE-404C-BFAA-9759B8317DD7}.Release|Any CPU.ActiveCfg = Release|x86
		{52194A43-F3FE-404C-BFAA-9759B8317DD7}.Release|Mixed Platforms.ActiveCfg = Release|x86
		{52194A43-F3FE-404C-BFAA-9759B8317DD7}.Release|Mixed Platforms.Build.0 = Release|x86
		{52194A43-F3FE-404C-BFAA-9759B8317DD7}.Release|x86.ActiveCfg = Release|x86
		{52194A43-F3FE-404C-BFAA-9759B8317DD7}.Release|x86.Build.0 = Release|x86
		{057D0986-25AE-49AC-A5CE-92C415198DD4}.Debug|Any CPU.ActiveCfg = Debug|Any CPU
		{057D0986-25AE-49AC-A5CE-92C415198DD4}.Debug|Any CPU.Build.0 = Debug|Any CPU
		{057D0986-25AE-49AC-A5CE-92C415198DD4}.Debug|Mixed Platforms.ActiveCfg = Debug|Any CPU
		{057D0986-25AE-49AC-A5CE-92C415198DD4}.Debug|Mixed Platforms.Build.0 = Debug|Any CPU
		{057D0986-25AE-49AC-A5CE-92C415198DD4}.Debug|x86.ActiveCfg = Debug|Any CPU
		{057D0986-25AE-49AC-A5CE-92C415198DD4}.Release|Any CPU.ActiveCfg = Release|Any CPU
		{057D0986-25AE-49AC-A5CE-92C415198DD4}.Release|Any CPU.Build.0 = Release|Any CPU
		{057D0986-25AE-49AC-A5CE-92C415198DD4}.Release|Mixed Platforms.ActiveCfg = Release|Any CPU
		{057D0986-25AE-49AC-A5CE-92C415198DD4}.Release|Mixed Platforms.Build.0 = Release|Any CPU
		{057D0986-25AE-49AC-A5CE-92C415198DD4}.Release|x86.ActiveCfg = Release|Any CPU
		{FBB8EE30-CE9B-41CA-8113-3AD4F385BB37}.Debug|Any CPU.ActiveCfg = Debug|Any CPU
		{FBB8EE30-CE9B-41CA-8113-3AD4F385BB37}.Debug|Any CPU.Build.0 = Debug|Any CPU
		{FBB8EE30-CE9B-41CA-8113-3AD4F385BB37}.Debug|Mixed Platforms.ActiveCfg = Debug|Any CPU
		{FBB8EE30-CE9B-41CA-8113-3AD4F385BB37}.Debug|Mixed Platforms.Build.0 = Debug|Any CPU
		{FBB8EE30-CE9B-41CA-8113-3AD4F385BB37}.Debug|x86.ActiveCfg = Debug|Any CPU
		{FBB8EE30-CE9B-41CA-8113-3AD4F385BB37}.Release|Any CPU.ActiveCfg = Release|Any CPU
		{FBB8EE30-CE9B-41CA-8113-3AD4F385BB37}.Release|Any CPU.Build.0 = Release|Any CPU
		{FBB8EE30-CE9B-41CA-8113-3AD4F385BB37}.Release|Mixed Platforms.ActiveCfg = Release|Any CPU
		{FBB8EE30-CE9B-41CA-8113-3AD4F385BB37}.Release|Mixed Platforms.Build.0 = Release|Any CPU
		{FBB8EE30-CE9B-41CA-8113-3AD4F385BB37}.Release|x86.ActiveCfg = Release|Any CPU
		{12C85BA7-EBA5-4F88-944D-0C2773168A54}.Debug|Any CPU.ActiveCfg = Debug|x86
		{12C85BA7-EBA5-4F88-944D-0C2773168A54}.Debug|Mixed Platforms.ActiveCfg = Debug|x86
		{12C85BA7-EBA5-4F88-944D-0C2773168A54}.Debug|Mixed Platforms.Build.0 = Debug|x86
		{12C85BA7-EBA5-4F88-944D-0C2773168A54}.Debug|x86.ActiveCfg = Debug|x86
		{12C85BA7-EBA5-4F88-944D-0C2773168A54}.Debug|x86.Build.0 = Debug|x86
		{12C85BA7-EBA5-4F88-944D-0C2773168A54}.Release|Any CPU.ActiveCfg = Release|x86
		{12C85BA7-EBA5-4F88-944D-0C2773168A54}.Release|Mixed Platforms.ActiveCfg = Release|x86
		{12C85BA7-EBA5-4F88-944D-0C2773168A54}.Release|Mixed Platforms.Build.0 = Release|x86
		{12C85BA7-EBA5-4F88-944D-0C2773168A54}.Release|x86.ActiveCfg = Release|x86
		{12C85BA7-EBA5-4F88-944D-0C2773168A54}.Release|x86.Build.0 = Release|x86
		{958DA5AE-C7B9-43E0-8B45-E4A4BC31B2B7}.Debug|Any CPU.ActiveCfg = Debug|Any CPU
		{958DA5AE-C7B9-43E0-8B45-E4A4BC31B2B7}.Debug|Any CPU.Build.0 = Debug|Any CPU
		{958DA5AE-C7B9-43E0-8B45-E4A4BC31B2B7}.Debug|Mixed Platforms.ActiveCfg = Debug|Any CPU
		{958DA5AE-C7B9-43E0-8B45-E4A4BC31B2B7}.Debug|Mixed Platforms.Build.0 = Debug|Any CPU
		{958DA5AE-C7B9-43E0-8B45-E4A4BC31B2B7}.Debug|x86.ActiveCfg = Debug|Any CPU
		{958DA5AE-C7B9-43E0-8B45-E4A4BC31B2B7}.Release|Any CPU.ActiveCfg = Release|Any CPU
		{958DA5AE-C7B9-43E0-8B45-E4A4BC31B2B7}.Release|Any CPU.Build.0 = Release|Any CPU
		{958DA5AE-C7B9-43E0-8B45-E4A4BC31B2B7}.Release|Mixed Platforms.ActiveCfg = Release|Any CPU
		{958DA5AE-C7B9-43E0-8B45-E4A4BC31B2B7}.Release|Mixed Platforms.Build.0 = Release|Any CPU
		{958DA5AE-C7B9-43E0-8B45-E4A4BC31B2B7}.Release|x86.ActiveCfg = Release|Any CPU
		{1D3A225D-B333-4771-B5B6-2D21EB8FF256}.Debug|Any CPU.ActiveCfg = Debug|Any CPU
		{1D3A225D-B333-4771-B5B6-2D21EB8FF256}.Debug|Any CPU.Build.0 = Debug|Any CPU
		{1D3A225D-B333-4771-B5B6-2D21EB8FF256}.Debug|Mixed Platforms.ActiveCfg = Debug|Any CPU
		{1D3A225D-B333-4771-B5B6-2D21EB8FF256}.Debug|Mixed Platforms.Build.0 = Debug|Any CPU
		{1D3A225D-B333-4771-B5B6-2D21EB8FF256}.Debug|x86.ActiveCfg = Debug|Any CPU
		{1D3A225D-B333-4771-B5B6-2D21EB8FF256}.Release|Any CPU.ActiveCfg = Release|Any CPU
		{1D3A225D-B333-4771-B5B6-2D21EB8FF256}.Release|Any CPU.Build.0 = Release|Any CPU
		{1D3A225D-B333-4771-B5B6-2D21EB8FF256}.Release|Mixed Platforms.ActiveCfg = Release|Any CPU
		{1D3A225D-B333-4771-B5B6-2D21EB8FF256}.Release|Mixed Platforms.Build.0 = Release|Any CPU
		{1D3A225D-B333-4771-B5B6-2D21EB8FF256}.Release|x86.ActiveCfg = Release|Any CPU
		{31A83F78-22BA-456D-A112-B5DC715334BD}.Debug|Any CPU.ActiveCfg = Debug|Any CPU
		{31A83F78-22BA-456D-A112-B5DC715334BD}.Debug|Any CPU.Build.0 = Debug|Any CPU
		{31A83F78-22BA-456D-A112-B5DC715334BD}.Debug|Mixed Platforms.ActiveCfg = Debug|Any CPU
		{31A83F78-22BA-456D-A112-B5DC715334BD}.Debug|Mixed Platforms.Build.0 = Debug|Any CPU
		{31A83F78-22BA-456D-A112-B5DC715334BD}.Debug|x86.ActiveCfg = Debug|Any CPU
		{31A83F78-22BA-456D-A112-B5DC715334BD}.Release|Any CPU.ActiveCfg = Release|Any CPU
		{31A83F78-22BA-456D-A112-B5DC715334BD}.Release|Any CPU.Build.0 = Release|Any CPU
		{31A83F78-22BA-456D-A112-B5DC715334BD}.Release|Mixed Platforms.ActiveCfg = Release|Any CPU
		{31A83F78-22BA-456D-A112-B5DC715334BD}.Release|Mixed Platforms.Build.0 = Release|Any CPU
		{31A83F78-22BA-456D-A112-B5DC715334BD}.Release|x86.ActiveCfg = Release|Any CPU
		{F96B60F9-6BB2-4A8B-BB88-F2B17DB1CF18}.Debug|Any CPU.ActiveCfg = Debug|x86
		{F96B60F9-6BB2-4A8B-BB88-F2B17DB1CF18}.Debug|Mixed Platforms.ActiveCfg = Debug|x86
		{F96B60F9-6BB2-4A8B-BB88-F2B17DB1CF18}.Debug|Mixed Platforms.Build.0 = Debug|x86
		{F96B60F9-6BB2-4A8B-BB88-F2B17DB1CF18}.Debug|x86.ActiveCfg = Debug|x86
		{F96B60F9-6BB2-4A8B-BB88-F2B17DB1CF18}.Debug|x86.Build.0 = Debug|x86
		{F96B60F9-6BB2-4A8B-BB88-F2B17DB1CF18}.Release|Any CPU.ActiveCfg = Release|x86
		{F96B60F9-6BB2-4A8B-BB88-F2B17DB1CF18}.Release|Mixed Platforms.ActiveCfg = Release|x86
		{F96B60F9-6BB2-4A8B-BB88-F2B17DB1CF18}.Release|Mixed Platforms.Build.0 = Release|x86
		{F96B60F9-6BB2-4A8B-BB88-F2B17DB1CF18}.Release|x86.ActiveCfg = Release|x86
		{F96B60F9-6BB2-4A8B-BB88-F2B17DB1CF18}.Release|x86.Build.0 = Release|x86
		{A1A7BD50-193C-4AB8-B73E-021B374FFCCA}.Debug|Any CPU.ActiveCfg = Debug|x86
		{A1A7BD50-193C-4AB8-B73E-021B374FFCCA}.Debug|Mixed Platforms.ActiveCfg = Debug|x86
		{A1A7BD50-193C-4AB8-B73E-021B374FFCCA}.Debug|Mixed Platforms.Build.0 = Debug|x86
		{A1A7BD50-193C-4AB8-B73E-021B374FFCCA}.Debug|x86.ActiveCfg = Debug|x86
		{A1A7BD50-193C-4AB8-B73E-021B374FFCCA}.Debug|x86.Build.0 = Debug|x86
		{A1A7BD50-193C-4AB8-B73E-021B374FFCCA}.Release|Any CPU.ActiveCfg = Release|x86
		{A1A7BD50-193C-4AB8-B73E-021B374FFCCA}.Release|Mixed Platforms.ActiveCfg = Release|x86
		{A1A7BD50-193C-4AB8-B73E-021B374FFCCA}.Release|Mixed Platforms.Build.0 = Release|x86
		{A1A7BD50-193C-4AB8-B73E-021B374FFCCA}.Release|x86.ActiveCfg = Release|x86
		{A1A7BD50-193C-4AB8-B73E-021B374FFCCA}.Release|x86.Build.0 = Release|x86
		{898ECB12-D464-4514-AE2E-45FE430FE04E}.Debug|Any CPU.ActiveCfg = Debug|Any CPU
		{898ECB12-D464-4514-AE2E-45FE430FE04E}.Debug|Any CPU.Build.0 = Debug|Any CPU
		{898ECB12-D464-4514-AE2E-45FE430FE04E}.Debug|Mixed Platforms.ActiveCfg = Debug|Any CPU
		{898ECB12-D464-4514-AE2E-45FE430FE04E}.Debug|Mixed Platforms.Build.0 = Debug|Any CPU
		{898ECB12-D464-4514-AE2E-45FE430FE04E}.Debug|x86.ActiveCfg = Debug|Any CPU
		{898ECB12-D464-4514-AE2E-45FE430FE04E}.Release|Any CPU.ActiveCfg = Release|Any CPU
		{898ECB12-D464-4514-AE2E-45FE430FE04E}.Release|Any CPU.Build.0 = Release|Any CPU
		{898ECB12-D464-4514-AE2E-45FE430FE04E}.Release|Mixed Platforms.ActiveCfg = Release|Any CPU
		{898ECB12-D464-4514-AE2E-45FE430FE04E}.Release|Mixed Platforms.Build.0 = Release|Any CPU
		{898ECB12-D464-4514-AE2E-45FE430FE04E}.Release|x86.ActiveCfg = Release|Any CPU
		{88C95A8E-C3FE-4CDF-B4B5-A53B63E835D3}.Debug|Any CPU.ActiveCfg = Debug|x86
		{88C95A8E-C3FE-4CDF-B4B5-A53B63E835D3}.Debug|Mixed Platforms.ActiveCfg = Debug|x86
		{88C95A8E-C3FE-4CDF-B4B5-A53B63E835D3}.Debug|Mixed Platforms.Build.0 = Debug|x86
		{88C95A8E-C3FE-4CDF-B4B5-A53B63E835D3}.Debug|x86.ActiveCfg = Debug|x86
		{88C95A8E-C3FE-4CDF-B4B5-A53B63E835D3}.Debug|x86.Build.0 = Debug|x86
		{88C95A8E-C3FE-4CDF-B4B5-A53B63E835D3}.Release|Any CPU.ActiveCfg = Release|x86
		{88C95A8E-C3FE-4CDF-B4B5-A53B63E835D3}.Release|Mixed Platforms.ActiveCfg = Release|x86
		{88C95A8E-C3FE-4CDF-B4B5-A53B63E835D3}.Release|Mixed Platforms.Build.0 = Release|x86
		{88C95A8E-C3FE-4CDF-B4B5-A53B63E835D3}.Release|x86.ActiveCfg = Release|x86
		{88C95A8E-C3FE-4CDF-B4B5-A53B63E835D3}.Release|x86.Build.0 = Release|x86
		{D7D70639-3F03-4455-B84D-28734ADC23DA}.Debug|Any CPU.ActiveCfg = Debug|x86
		{D7D70639-3F03-4455-B84D-28734ADC23DA}.Debug|Mixed Platforms.ActiveCfg = Debug|x86
		{D7D70639-3F03-4455-B84D-28734ADC23DA}.Debug|Mixed Platforms.Build.0 = Debug|x86
		{D7D70639-3F03-4455-B84D-28734ADC23DA}.Debug|x86.ActiveCfg = Debug|x86
		{D7D70639-3F03-4455-B84D-28734ADC23DA}.Debug|x86.Build.0 = Debug|x86
		{D7D70639-3F03-4455-B84D-28734ADC23DA}.Release|Any CPU.ActiveCfg = Release|x86
		{D7D70639-3F03-4455-B84D-28734ADC23DA}.Release|Mixed Platforms.ActiveCfg = Release|x86
		{D7D70639-3F03-4455-B84D-28734ADC23DA}.Release|Mixed Platforms.Build.0 = Release|x86
		{D7D70639-3F03-4455-B84D-28734ADC23DA}.Release|x86.ActiveCfg = Release|x86
		{D7D70639-3F03-4455-B84D-28734ADC23DA}.Release|x86.Build.0 = Release|x86
		{B096C96B-E96F-4223-AE01-B32D3730DC82}.Debug|Any CPU.ActiveCfg = Debug|x86
		{B096C96B-E96F-4223-AE01-B32D3730DC82}.Debug|Mixed Platforms.ActiveCfg = Debug|x86
		{B096C96B-E96F-4223-AE01-B32D3730DC82}.Debug|Mixed Platforms.Build.0 = Debug|x86
		{B096C96B-E96F-4223-AE01-B32D3730DC82}.Debug|x86.ActiveCfg = Debug|x86
		{B096C96B-E96F-4223-AE01-B32D3730DC82}.Debug|x86.Build.0 = Debug|x86
		{B096C96B-E96F-4223-AE01-B32D3730DC82}.Release|Any CPU.ActiveCfg = Release|x86
		{B096C96B-E96F-4223-AE01-B32D3730DC82}.Release|Mixed Platforms.ActiveCfg = Release|x86
		{B096C96B-E96F-4223-AE01-B32D3730DC82}.Release|Mixed Platforms.Build.0 = Release|x86
		{B096C96B-E96F-4223-AE01-B32D3730DC82}.Release|x86.ActiveCfg = Release|x86
		{B096C96B-E96F-4223-AE01-B32D3730DC82}.Release|x86.Build.0 = Release|x86
		{C4A3DF41-C6D7-4209-9EFB-07FA7DF86327}.Debug|Any CPU.ActiveCfg = Debug|x86
		{C4A3DF41-C6D7-4209-9EFB-07FA7DF86327}.Debug|Mixed Platforms.ActiveCfg = Debug|x86
		{C4A3DF41-C6D7-4209-9EFB-07FA7DF86327}.Debug|Mixed Platforms.Build.0 = Debug|x86
		{C4A3DF41-C6D7-4209-9EFB-07FA7DF86327}.Debug|x86.ActiveCfg = Debug|x86
		{C4A3DF41-C6D7-4209-9EFB-07FA7DF86327}.Debug|x86.Build.0 = Debug|x86
		{C4A3DF41-C6D7-4209-9EFB-07FA7DF86327}.Release|Any CPU.ActiveCfg = Release|x86
		{C4A3DF41-C6D7-4209-9EFB-07FA7DF86327}.Release|Mixed Platforms.ActiveCfg = Release|x86
		{C4A3DF41-C6D7-4209-9EFB-07FA7DF86327}.Release|Mixed Platforms.Build.0 = Release|x86
		{C4A3DF41-C6D7-4209-9EFB-07FA7DF86327}.Release|x86.ActiveCfg = Release|x86
		{C4A3DF41-C6D7-4209-9EFB-07FA7DF86327}.Release|x86.Build.0 = Release|x86
		{167BC40B-C87E-4972-B8A2-903F6F160B6B}.Debug|Any CPU.ActiveCfg = Debug|x86
		{167BC40B-C87E-4972-B8A2-903F6F160B6B}.Debug|Mixed Platforms.ActiveCfg = Debug|x86
		{167BC40B-C87E-4972-B8A2-903F6F160B6B}.Debug|Mixed Platforms.Build.0 = Debug|x86
		{167BC40B-C87E-4972-B8A2-903F6F160B6B}.Debug|x86.ActiveCfg = Debug|x86
		{167BC40B-C87E-4972-B8A2-903F6F160B6B}.Debug|x86.Build.0 = Debug|x86
		{167BC40B-C87E-4972-B8A2-903F6F160B6B}.Release|Any CPU.ActiveCfg = Release|x86
		{167BC40B-C87E-4972-B8A2-903F6F160B6B}.Release|Mixed Platforms.ActiveCfg = Release|x86
		{167BC40B-C87E-4972-B8A2-903F6F160B6B}.Release|Mixed Platforms.Build.0 = Release|x86
		{167BC40B-C87E-4972-B8A2-903F6F160B6B}.Release|x86.ActiveCfg = Release|x86
		{167BC40B-C87E-4972-B8A2-903F6F160B6B}.Release|x86.Build.0 = Release|x86
		{F0D62D46-3148-4BC4-93F8-35DC31AC28AA}.Debug|Any CPU.ActiveCfg = Debug|x86
		{F0D62D46-3148-4BC4-93F8-35DC31AC28AA}.Debug|Mixed Platforms.ActiveCfg = Debug|x86
		{F0D62D46-3148-4BC4-93F8-35DC31AC28AA}.Debug|Mixed Platforms.Build.0 = Debug|x86
		{F0D62D46-3148-4BC4-93F8-35DC31AC28AA}.Debug|x86.ActiveCfg = Debug|x86
		{F0D62D46-3148-4BC4-93F8-35DC31AC28AA}.Debug|x86.Build.0 = Debug|x86
		{F0D62D46-3148-4BC4-93F8-35DC31AC28AA}.Release|Any CPU.ActiveCfg = Release|x86
		{F0D62D46-3148-4BC4-93F8-35DC31AC28AA}.Release|Mixed Platforms.ActiveCfg = Release|x86
		{F0D62D46-3148-4BC4-93F8-35DC31AC28AA}.Release|Mixed Platforms.Build.0 = Release|x86
		{F0D62D46-3148-4BC4-93F8-35DC31AC28AA}.Release|x86.ActiveCfg = Release|x86
		{F0D62D46-3148-4BC4-93F8-35DC31AC28AA}.Release|x86.Build.0 = Release|x86
		{1C9B33CD-0FE1-431C-BBC4-88463568F891}.Debug|Any CPU.ActiveCfg = Debug|x86
		{1C9B33CD-0FE1-431C-BBC4-88463568F891}.Debug|Mixed Platforms.ActiveCfg = Debug|x86
		{1C9B33CD-0FE1-431C-BBC4-88463568F891}.Debug|Mixed Platforms.Build.0 = Debug|x86
		{1C9B33CD-0FE1-431C-BBC4-88463568F891}.Debug|x86.ActiveCfg = Debug|x86
		{1C9B33CD-0FE1-431C-BBC4-88463568F891}.Debug|x86.Build.0 = Debug|x86
		{1C9B33CD-0FE1-431C-BBC4-88463568F891}.Release|Any CPU.ActiveCfg = Release|x86
		{1C9B33CD-0FE1-431C-BBC4-88463568F891}.Release|Mixed Platforms.ActiveCfg = Release|x86
		{1C9B33CD-0FE1-431C-BBC4-88463568F891}.Release|Mixed Platforms.Build.0 = Release|x86
		{1C9B33CD-0FE1-431C-BBC4-88463568F891}.Release|x86.ActiveCfg = Release|x86
		{1C9B33CD-0FE1-431C-BBC4-88463568F891}.Release|x86.Build.0 = Release|x86
		{14338B89-EEC4-45CC-A87F-2507FE32A32E}.Debug|Any CPU.ActiveCfg = Debug|Any CPU
		{14338B89-EEC4-45CC-A87F-2507FE32A32E}.Debug|Any CPU.Build.0 = Debug|Any CPU
		{14338B89-EEC4-45CC-A87F-2507FE32A32E}.Debug|Mixed Platforms.ActiveCfg = Debug|Any CPU
		{14338B89-EEC4-45CC-A87F-2507FE32A32E}.Debug|Mixed Platforms.Build.0 = Debug|Any CPU
		{14338B89-EEC4-45CC-A87F-2507FE32A32E}.Debug|x86.ActiveCfg = Debug|Any CPU
		{14338B89-EEC4-45CC-A87F-2507FE32A32E}.Release|Any CPU.ActiveCfg = Release|Any CPU
		{14338B89-EEC4-45CC-A87F-2507FE32A32E}.Release|Any CPU.Build.0 = Release|Any CPU
		{14338B89-EEC4-45CC-A87F-2507FE32A32E}.Release|Mixed Platforms.ActiveCfg = Release|Any CPU
		{14338B89-EEC4-45CC-A87F-2507FE32A32E}.Release|Mixed Platforms.Build.0 = Release|Any CPU
		{14338B89-EEC4-45CC-A87F-2507FE32A32E}.Release|x86.ActiveCfg = Release|Any CPU
		{D127B824-535C-48B9-A574-7EB167B85775}.Debug|Any CPU.ActiveCfg = Debug|x86
		{D127B824-535C-48B9-A574-7EB167B85775}.Debug|Mixed Platforms.ActiveCfg = Debug|x86
		{D127B824-535C-48B9-A574-7EB167B85775}.Debug|Mixed Platforms.Build.0 = Debug|x86
		{D127B824-535C-48B9-A574-7EB167B85775}.Debug|x86.ActiveCfg = Debug|x86
		{D127B824-535C-48B9-A574-7EB167B85775}.Debug|x86.Build.0 = Debug|x86
		{D127B824-535C-48B9-A574-7EB167B85775}.Release|Any CPU.ActiveCfg = Release|x86
		{D127B824-535C-48B9-A574-7EB167B85775}.Release|Mixed Platforms.ActiveCfg = Release|x86
		{D127B824-535C-48B9-A574-7EB167B85775}.Release|Mixed Platforms.Build.0 = Release|x86
		{D127B824-535C-48B9-A574-7EB167B85775}.Release|x86.ActiveCfg = Release|x86
		{D127B824-535C-48B9-A574-7EB167B85775}.Release|x86.Build.0 = Release|x86
		{56864914-D91D-4157-A441-E0FE1F95F25E}.Debug|Any CPU.ActiveCfg = Debug|x86
		{56864914-D91D-4157-A441-E0FE1F95F25E}.Debug|Mixed Platforms.ActiveCfg = Debug|x86
		{56864914-D91D-4157-A441-E0FE1F95F25E}.Debug|Mixed Platforms.Build.0 = Debug|x86
		{56864914-D91D-4157-A441-E0FE1F95F25E}.Debug|x86.ActiveCfg = Debug|x86
		{56864914-D91D-4157-A441-E0FE1F95F25E}.Debug|x86.Build.0 = Debug|x86
		{56864914-D91D-4157-A441-E0FE1F95F25E}.Release|Any CPU.ActiveCfg = Release|x86
		{56864914-D91D-4157-A441-E0FE1F95F25E}.Release|Mixed Platforms.ActiveCfg = Release|x86
		{56864914-D91D-4157-A441-E0FE1F95F25E}.Release|Mixed Platforms.Build.0 = Release|x86
		{56864914-D91D-4157-A441-E0FE1F95F25E}.Release|x86.ActiveCfg = Release|x86
		{56864914-D91D-4157-A441-E0FE1F95F25E}.Release|x86.Build.0 = Release|x86
	EndGlobalSection
	GlobalSection(SolutionProperties) = preSolution
		HideSolutionNode = FALSE
	EndGlobalSection
	GlobalSection(NestedProjects) = preSolution
		{F96B60F9-6BB2-4A8B-BB88-F2B17DB1CF18} = {6A3200CB-5F81-4E16-B5FB-32BF9395C98E}
		{A1A7BD50-193C-4AB8-B73E-021B374FFCCA} = {6A3200CB-5F81-4E16-B5FB-32BF9395C98E}
		{898ECB12-D464-4514-AE2E-45FE430FE04E} = {6A3200CB-5F81-4E16-B5FB-32BF9395C98E}
		{88C95A8E-C3FE-4CDF-B4B5-A53B63E835D3} = {6A3200CB-5F81-4E16-B5FB-32BF9395C98E}
		{D7D70639-3F03-4455-B84D-28734ADC23DA} = {6A3200CB-5F81-4E16-B5FB-32BF9395C98E}
		{52194A43-F3FE-404C-BFAA-9759B8317DD7} = {49D8E4D2-CDB3-4434-B007-78C7B7B90EBF}
		{057D0986-25AE-49AC-A5CE-92C415198DD4} = {49D8E4D2-CDB3-4434-B007-78C7B7B90EBF}
		{FBB8EE30-CE9B-41CA-8113-3AD4F385BB37} = {49D8E4D2-CDB3-4434-B007-78C7B7B90EBF}
		{12C85BA7-EBA5-4F88-944D-0C2773168A54} = {49D8E4D2-CDB3-4434-B007-78C7B7B90EBF}
		{958DA5AE-C7B9-43E0-8B45-E4A4BC31B2B7} = {49D8E4D2-CDB3-4434-B007-78C7B7B90EBF}
		{1D3A225D-B333-4771-B5B6-2D21EB8FF256} = {E440F31D-4D28-4831-B588-067E9BA4DB5B}
		{31A83F78-22BA-456D-A112-B5DC715334BD} = {E440F31D-4D28-4831-B588-067E9BA4DB5B}
		{E900F195-9597-4D32-A963-E461E3416906} = {9AAA7A51-A9C1-4D90-8942-4464D345F4B4}
		{1D295FAE-1B42-44EE-89A8-503AF8A9BD94} = {9AAA7A51-A9C1-4D90-8942-4464D345F4B4}
		{EE336330-3CEC-4CD5-8023-54FA25C18D96} = {9AAA7A51-A9C1-4D90-8942-4464D345F4B4}
		{A74EFED6-90BD-4035-8F81-CE19F6CAEF09} = {9AAA7A51-A9C1-4D90-8942-4464D345F4B4}
		{22EE4B83-28BC-4CE0-870D-11C781C6BEAB} = {9AAA7A51-A9C1-4D90-8942-4464D345F4B4}
		{976F89E2-32D5-450E-A7AE-01CC3865C854} = {9AAA7A51-A9C1-4D90-8942-4464D345F4B4}
		{B096C96B-E96F-4223-AE01-B32D3730DC82} = {E900F195-9597-4D32-A963-E461E3416906}
		{C4A3DF41-C6D7-4209-9EFB-07FA7DF86327} = {E900F195-9597-4D32-A963-E461E3416906}
		{167BC40B-C87E-4972-B8A2-903F6F160B6B} = {1D295FAE-1B42-44EE-89A8-503AF8A9BD94}
		{F0D62D46-3148-4BC4-93F8-35DC31AC28AA} = {EE336330-3CEC-4CD5-8023-54FA25C18D96}
		{1C9B33CD-0FE1-431C-BBC4-88463568F891} = {A74EFED6-90BD-4035-8F81-CE19F6CAEF09}
		{14338B89-EEC4-45CC-A87F-2507FE32A32E} = {A74EFED6-90BD-4035-8F81-CE19F6CAEF09}
		{56864914-D91D-4157-A441-E0FE1F95F25E} = {22EE4B83-28BC-4CE0-870D-11C781C6BEAB}
		{D127B824-535C-48B9-A574-7EB167B85775} = {976F89E2-32D5-450E-A7AE-01CC3865C854}
	EndGlobalSection
EndGlobal
