
Microsoft Visual Studio Solution File, Format Version 11.00
# Visual Studio 2010
Project("{2150E333-8FDC-42A3-9474-1A3956D46DE8}") = "Utilities", "Utilities", "{6A3200CB-5F81-4E16-B5FB-32BF9395C98E}"
EndProject
Project("{2150E333-8FDC-42A3-9474-1A3956D46DE8}") = "Schedules", "Schedules", "{9AAA7A51-A9C1-4D90-8942-4464D345F4B4}"
EndProject
Project("{2150E333-8FDC-42A3-9474-1A3956D46DE8}") = "AdSchedule", "AdSchedule", "{E900F195-9597-4D32-A963-E461E3416906}"
EndProject
Project("{2150E333-8FDC-42A3-9474-1A3956D46DE8}") = "Calendar", "Calendar", "{1D295FAE-1B42-44EE-89A8-503AF8A9BD94}"
EndProject
Project("{2150E333-8FDC-42A3-9474-1A3956D46DE8}") = "OnlineSchedule", "OnlineSchedule", "{A74EFED6-90BD-4035-8F81-CE19F6CAEF09}"
EndProject
Project("{FAE04EC0-301F-11D3-BF4B-00C04F79EFBC}") = "NewBizWiz.Core", "NewBizWiz.Core\NewBizWiz.Core.csproj", "{164AB808-DBD3-4D71-9431-5A5B44B70593}"
EndProject
Project("{FAE04EC0-301F-11D3-BF4B-00C04F79EFBC}") = "NewBizWiz.Dashboard", "NewBizWiz.Dashboard\NewBizWiz.Dashboard.csproj", "{26FC7464-A2AC-4555-A8AD-8C91211749FE}"
EndProject
Project("{FAE04EC0-301F-11D3-BF4B-00C04F79EFBC}") = "ClearZoneInfo", "Utilities\ClearZoneInfo\ClearZoneInfo.csproj", "{F96B60F9-6BB2-4A8B-BB88-F2B17DB1CF18}"
EndProject
Project("{FAE04EC0-301F-11D3-BF4B-00C04F79EFBC}") = "CommandCentral", "Utilities\CommandCentral\CommandCentral.csproj", "{A1A7BD50-193C-4AB8-B73E-021B374FFCCA}"
EndProject
Project("{FAE04EC0-301F-11D3-BF4B-00C04F79EFBC}") = "MonthCalendar", "Utilities\MonthCalendar\MonthCalendar.csproj", "{898ECB12-D464-4514-AE2E-45FE430FE04E}"
EndProject
Project("{FAE04EC0-301F-11D3-BF4B-00C04F79EFBC}") = "PrepareSources", "Utilities\PrepareSources\PrepareSources.csproj", "{88C95A8E-C3FE-4CDF-B4B5-A53B63E835D3}"
EndProject
Project("{FAE04EC0-301F-11D3-BF4B-00C04F79EFBC}") = "Runner", "Utilities\Runner\Runner.csproj", "{D7D70639-3F03-4455-B84D-28734ADC23DA}"
EndProject
Project("{FAE04EC0-301F-11D3-BF4B-00C04F79EFBC}") = "NewBizWiz.AdSchedule.Controls", "Schedules\AdSchedule\AdSchedule.Controls\NewBizWiz.AdSchedule.Controls.csproj", "{B096C96B-E96F-4223-AE01-B32D3730DC82}"
EndProject
Project("{FAE04EC0-301F-11D3-BF4B-00C04F79EFBC}") = "NewBizWiz.AdSchedule.Internal", "Schedules\AdSchedule\AdSchedule.Internal\NewBizWiz.AdSchedule.Internal.csproj", "{C4A3DF41-C6D7-4209-9EFB-07FA7DF86327}"
EndProject
Project("{FAE04EC0-301F-11D3-BF4B-00C04F79EFBC}") = "NewBizWiz.Calendar.Controls", "Schedules\Calendar\Calendar.Controls\NewBizWiz.Calendar.Controls.csproj", "{167BC40B-C87E-4972-B8A2-903F6F160B6B}"
EndProject
Project("{FAE04EC0-301F-11D3-BF4B-00C04F79EFBC}") = "NewBizWiz.OnlineSchedule.Controls", "Schedules\OnlineSchedule\OnlineSchedule.Controls\NewBizWiz.OnlineSchedule.Controls.csproj", "{1C9B33CD-0FE1-431C-BBC4-88463568F891}"
EndProject
Project("{FAE04EC0-301F-11D3-BF4B-00C04F79EFBC}") = "NewBizWiz.OnlineSchedule.Internal", "Schedules\OnlineSchedule\OnlineSchedule.Internal\NewBizWiz.OnlineSchedule.Internal.csproj", "{14338B89-EEC4-45CC-A87F-2507FE32A32E}"
EndProject
Project("{FAE04EC0-301F-11D3-BF4B-00C04F79EFBC}") = "NewBizWiz.Calendar.Internal", "Schedules\Calendar\Calendar.Internal\NewBizWiz.Calendar.Internal.csproj", "{BCC4274C-8F5A-4DFA-AE3E-7AA6CF3242AC}"
EndProject
Project("{FAE04EC0-301F-11D3-BF4B-00C04F79EFBC}") = "NewBizWiz.Calendar.Single", "Schedules\Calendar\Calendar.Single\NewBizWiz.Calendar.Single.csproj", "{E3814D0C-6BA3-428E-A052-FBD374A6EEEB}"
EndProject
Project("{FAE04EC0-301F-11D3-BF4B-00C04F79EFBC}") = "NewBizWiz.AdSchedule.Single", "Schedules\AdSchedule\AdSchedule.Single\NewBizWiz.AdSchedule.Single.csproj", "{E9EC47A0-0791-4EEA-BADC-AF8615F553F3}"
EndProject
Project("{FAE04EC0-301F-11D3-BF4B-00C04F79EFBC}") = "NewBizWiz.OnlineSchedule.Single", "Schedules\OnlineSchedule\OnlineSchedule.Single\NewBizWiz.OnlineSchedule.Single.csproj", "{BD297B69-7611-4310-82DA-2B772248CD10}"
EndProject
Project("{FAE04EC0-301F-11D3-BF4B-00C04F79EFBC}") = "NewBizWiz.CommonGUI", "NewBizWiz.CommonGUI\NewBizWiz.CommonGUI.csproj", "{A97255F0-74B3-4C03-B623-EC0E37E80A3C}"
EndProject
Project("{2150E333-8FDC-42A3-9474-1A3956D46DE8}") = "AdBar", "AdBar", "{EC72E5C3-AF44-4641-98CC-66F4C3662184}"
EndProject
Project("{2150E333-8FDC-42A3-9474-1A3956D46DE8}") = "Plugins", "Plugins", "{4B78C8B3-B68D-45C2-941B-84173CE92254}"
EndProject
Project("{2150E333-8FDC-42A3-9474-1A3956D46DE8}") = "App", "App", "{7329E939-ADF0-4051-A9BC-788FD2508B01}"
EndProject
Project("{FAE04EC0-301F-11D3-BF4B-00C04F79EFBC}") = "AdBAR", "AdBar\App\AdBAR.csproj", "{35C8F2A0-BD3F-476F-A622-51531EAB91C2}"
	ProjectSection(ProjectDependencies) = postProject
		{C71FB42E-FABC-4D33-84B2-DE687C7FCE21} = {C71FB42E-FABC-4D33-84B2-DE687C7FCE21}
		{A47658AE-39C4-4934-813E-46C034B4DC1F} = {A47658AE-39C4-4934-813E-46C034B4DC1F}
		{914A72C1-18C2-40BB-8133-E22CA2856A9F} = {914A72C1-18C2-40BB-8133-E22CA2856A9F}
	EndProjectSection
EndProject
Project("{FAE04EC0-301F-11D3-BF4B-00C04F79EFBC}") = "AdBar.Plugins.Core", "AdBar\Plugins\AdBar.Plugins.Core\AdBar.Plugins.Core.csproj", "{D506B009-76DA-45BE-9F1B-C3124FE82EEC}"
EndProject
Project("{FAE04EC0-301F-11D3-BF4B-00C04F79EFBC}") = "AdBar.Plugins.Slides", "AdBar\Plugins\AdBar.Plugins.Slides\AdBar.Plugins.Slides.csproj", "{914A72C1-18C2-40BB-8133-E22CA2856A9F}"
EndProject
Project("{FAE04EC0-301F-11D3-BF4B-00C04F79EFBC}") = "AdBar.Plugins.Common", "AdBar\Plugins\AdBar.Plugins.Common\AdBar.Plugins.Common.csproj", "{A47658AE-39C4-4934-813E-46C034B4DC1F}"
EndProject
Project("{FAE04EC0-301F-11D3-BF4B-00C04F79EFBC}") = "AdBar.Plugins.MasterWizards", "AdBar\Plugins\AdBar.Plugins.MasterWizards\AdBar.Plugins.MasterWizards.csproj", "{C71FB42E-FABC-4D33-84B2-DE687C7FCE21}"
EndProject
Project("{FAE04EC0-301F-11D3-BF4B-00C04F79EFBC}") = "NewBizWiz.OnlineSchedule.DigitalPackage", "Schedules\OnlineSchedule\OnlineSchedule.DigitalPackage\NewBizWiz.OnlineSchedule.DigitalPackage.csproj", "{848C27CA-1539-41F9-896A-7C0CFE57AD9E}"
EndProject
Project("{FAE04EC0-301F-11D3-BF4B-00C04F79EFBC}") = "NewBizWiz.PowerPointLoader", "Utilities\PowerPointLoader\NewBizWiz.PowerPointLoader.csproj", "{FBB8EE30-CE9B-41CA-8113-3AD4F385BB37}"
EndProject
Project("{2150E333-8FDC-42A3-9474-1A3956D46DE8}") = "MediaSchedule", "MediaSchedule", "{750C8519-982B-4662-BF54-2AC063E18575}"
EndProject
Project("{FAE04EC0-301F-11D3-BF4B-00C04F79EFBC}") = "NewBizWiz.MediaSchedule.Controls", "Schedules\MediaSchedule\MediaSchedule.Controls\NewBizWiz.MediaSchedule.Controls.csproj", "{F3572A95-E99D-485F-B4F3-EF26F49C094B}"
EndProject
Project("{FAE04EC0-301F-11D3-BF4B-00C04F79EFBC}") = "NewBizWiz.MediaSchedule.Internal", "Schedules\MediaSchedule\MediaSchedule.Internal\NewBizWiz.MediaSchedule.Internal.csproj", "{5E0317D7-2267-4E06-9B5F-9DC258533B93}"
EndProject
Project("{FAE04EC0-301F-11D3-BF4B-00C04F79EFBC}") = "NewBizWiz.MediaSchedule.Single", "Schedules\MediaSchedule\MediaSchedule.Single\NewBizWiz.MediaSchedule.Single.csproj", "{B8FA28E9-7142-42D1-9C69-780B71D3940D}"
EndProject
Project("{FAE04EC0-301F-11D3-BF4B-00C04F79EFBC}") = "NewBizWiz.MediaSchedule.Single.TV", "Schedules\MediaSchedule\MediaSchedule.Single.TV\NewBizWiz.MediaSchedule.Single.TV.csproj", "{BA45BB8E-FC67-459D-94DF-67DC686C6CA0}"
EndProject
Project("{FAE04EC0-301F-11D3-BF4B-00C04F79EFBC}") = "NewBizWiz.MediaSchedule.Single.Radio", "Schedules\MediaSchedule\MediaSchedule.Single.Radio\NewBizWiz.MediaSchedule.Single.Radio.csproj", "{CECD26CB-214E-4D4A-99EA-9E304D9AE439}"
EndProject
Global
	GlobalSection(SolutionConfigurationPlatforms) = preSolution
		Debug|Any CPU = Debug|Any CPU
		Debug|Mixed Platforms = Debug|Mixed Platforms
		Debug|x86 = Debug|x86
		Release|Any CPU = Release|Any CPU
		Release|Mixed Platforms = Release|Mixed Platforms
		Release|x86 = Release|x86
	EndGlobalSection
	GlobalSection(ProjectConfigurationPlatforms) = postSolution
		{164AB808-DBD3-4D71-9431-5A5B44B70593}.Debug|Any CPU.ActiveCfg = Debug|Any CPU
		{164AB808-DBD3-4D71-9431-5A5B44B70593}.Debug|Any CPU.Build.0 = Debug|Any CPU
		{164AB808-DBD3-4D71-9431-5A5B44B70593}.Debug|Mixed Platforms.ActiveCfg = Debug|Any CPU
		{164AB808-DBD3-4D71-9431-5A5B44B70593}.Debug|Mixed Platforms.Build.0 = Debug|Any CPU
		{164AB808-DBD3-4D71-9431-5A5B44B70593}.Debug|x86.ActiveCfg = Debug|Any CPU
		{164AB808-DBD3-4D71-9431-5A5B44B70593}.Release|Any CPU.ActiveCfg = Release|Any CPU
		{164AB808-DBD3-4D71-9431-5A5B44B70593}.Release|Any CPU.Build.0 = Release|Any CPU
		{164AB808-DBD3-4D71-9431-5A5B44B70593}.Release|Mixed Platforms.ActiveCfg = Release|Any CPU
		{164AB808-DBD3-4D71-9431-5A5B44B70593}.Release|Mixed Platforms.Build.0 = Release|Any CPU
		{164AB808-DBD3-4D71-9431-5A5B44B70593}.Release|x86.ActiveCfg = Release|Any CPU
		{26FC7464-A2AC-4555-A8AD-8C91211749FE}.Debug|Any CPU.ActiveCfg = Debug|Any CPU
		{26FC7464-A2AC-4555-A8AD-8C91211749FE}.Debug|Any CPU.Build.0 = Debug|Any CPU
		{26FC7464-A2AC-4555-A8AD-8C91211749FE}.Debug|Mixed Platforms.ActiveCfg = Debug|Any CPU
		{26FC7464-A2AC-4555-A8AD-8C91211749FE}.Debug|Mixed Platforms.Build.0 = Debug|Any CPU
		{26FC7464-A2AC-4555-A8AD-8C91211749FE}.Debug|x86.ActiveCfg = Debug|Any CPU
		{26FC7464-A2AC-4555-A8AD-8C91211749FE}.Release|Any CPU.ActiveCfg = Release|Any CPU
		{26FC7464-A2AC-4555-A8AD-8C91211749FE}.Release|Any CPU.Build.0 = Release|Any CPU
		{26FC7464-A2AC-4555-A8AD-8C91211749FE}.Release|Mixed Platforms.ActiveCfg = Release|Any CPU
		{26FC7464-A2AC-4555-A8AD-8C91211749FE}.Release|Mixed Platforms.Build.0 = Release|Any CPU
		{26FC7464-A2AC-4555-A8AD-8C91211749FE}.Release|x86.ActiveCfg = Release|Any CPU
		{F96B60F9-6BB2-4A8B-BB88-F2B17DB1CF18}.Debug|Any CPU.ActiveCfg = Debug|x86
		{F96B60F9-6BB2-4A8B-BB88-F2B17DB1CF18}.Debug|Mixed Platforms.ActiveCfg = Debug|x86
		{F96B60F9-6BB2-4A8B-BB88-F2B17DB1CF18}.Debug|Mixed Platforms.Build.0 = Debug|x86
		{F96B60F9-6BB2-4A8B-BB88-F2B17DB1CF18}.Debug|x86.ActiveCfg = Debug|x86
		{F96B60F9-6BB2-4A8B-BB88-F2B17DB1CF18}.Debug|x86.Build.0 = Debug|x86
		{F96B60F9-6BB2-4A8B-BB88-F2B17DB1CF18}.Release|Any CPU.ActiveCfg = Release|x86
		{F96B60F9-6BB2-4A8B-BB88-F2B17DB1CF18}.Release|Mixed Platforms.ActiveCfg = Release|x86
		{F96B60F9-6BB2-4A8B-BB88-F2B17DB1CF18}.Release|Mixed Platforms.Build.0 = Release|x86
		{F96B60F9-6BB2-4A8B-BB88-F2B17DB1CF18}.Release|x86.ActiveCfg = Release|x86
		{F96B60F9-6BB2-4A8B-BB88-F2B17DB1CF18}.Release|x86.Build.0 = Release|x86
		{A1A7BD50-193C-4AB8-B73E-021B374FFCCA}.Debug|Any CPU.ActiveCfg = Debug|x86
		{A1A7BD50-193C-4AB8-B73E-021B374FFCCA}.Debug|Mixed Platforms.ActiveCfg = Debug|x86
		{A1A7BD50-193C-4AB8-B73E-021B374FFCCA}.Debug|Mixed Platforms.Build.0 = Debug|x86
		{A1A7BD50-193C-4AB8-B73E-021B374FFCCA}.Debug|x86.ActiveCfg = Debug|x86
		{A1A7BD50-193C-4AB8-B73E-021B374FFCCA}.Debug|x86.Build.0 = Debug|x86
		{A1A7BD50-193C-4AB8-B73E-021B374FFCCA}.Release|Any CPU.ActiveCfg = Release|x86
		{A1A7BD50-193C-4AB8-B73E-021B374FFCCA}.Release|Mixed Platforms.ActiveCfg = Release|x86
		{A1A7BD50-193C-4AB8-B73E-021B374FFCCA}.Release|Mixed Platforms.Build.0 = Release|x86
		{A1A7BD50-193C-4AB8-B73E-021B374FFCCA}.Release|x86.ActiveCfg = Release|x86
		{A1A7BD50-193C-4AB8-B73E-021B374FFCCA}.Release|x86.Build.0 = Release|x86
		{898ECB12-D464-4514-AE2E-45FE430FE04E}.Debug|Any CPU.ActiveCfg = Debug|Any CPU
		{898ECB12-D464-4514-AE2E-45FE430FE04E}.Debug|Any CPU.Build.0 = Debug|Any CPU
		{898ECB12-D464-4514-AE2E-45FE430FE04E}.Debug|Mixed Platforms.ActiveCfg = Debug|Any CPU
		{898ECB12-D464-4514-AE2E-45FE430FE04E}.Debug|Mixed Platforms.Build.0 = Debug|Any CPU
		{898ECB12-D464-4514-AE2E-45FE430FE04E}.Debug|x86.ActiveCfg = Debug|Any CPU
		{898ECB12-D464-4514-AE2E-45FE430FE04E}.Release|Any CPU.ActiveCfg = Release|Any CPU
		{898ECB12-D464-4514-AE2E-45FE430FE04E}.Release|Any CPU.Build.0 = Release|Any CPU
		{898ECB12-D464-4514-AE2E-45FE430FE04E}.Release|Mixed Platforms.ActiveCfg = Release|Any CPU
		{898ECB12-D464-4514-AE2E-45FE430FE04E}.Release|Mixed Platforms.Build.0 = Release|Any CPU
		{898ECB12-D464-4514-AE2E-45FE430FE04E}.Release|x86.ActiveCfg = Release|Any CPU
		{88C95A8E-C3FE-4CDF-B4B5-A53B63E835D3}.Debug|Any CPU.ActiveCfg = Debug|x86
		{88C95A8E-C3FE-4CDF-B4B5-A53B63E835D3}.Debug|Mixed Platforms.ActiveCfg = Debug|x86
		{88C95A8E-C3FE-4CDF-B4B5-A53B63E835D3}.Debug|Mixed Platforms.Build.0 = Debug|x86
		{88C95A8E-C3FE-4CDF-B4B5-A53B63E835D3}.Debug|x86.ActiveCfg = Debug|x86
		{88C95A8E-C3FE-4CDF-B4B5-A53B63E835D3}.Debug|x86.Build.0 = Debug|x86
		{88C95A8E-C3FE-4CDF-B4B5-A53B63E835D3}.Release|Any CPU.ActiveCfg = Release|x86
		{88C95A8E-C3FE-4CDF-B4B5-A53B63E835D3}.Release|Mixed Platforms.ActiveCfg = Release|x86
		{88C95A8E-C3FE-4CDF-B4B5-A53B63E835D3}.Release|Mixed Platforms.Build.0 = Release|x86
		{88C95A8E-C3FE-4CDF-B4B5-A53B63E835D3}.Release|x86.ActiveCfg = Release|x86
		{88C95A8E-C3FE-4CDF-B4B5-A53B63E835D3}.Release|x86.Build.0 = Release|x86
		{D7D70639-3F03-4455-B84D-28734ADC23DA}.Debug|Any CPU.ActiveCfg = Debug|x86
		{D7D70639-3F03-4455-B84D-28734ADC23DA}.Debug|Mixed Platforms.ActiveCfg = Debug|x86
		{D7D70639-3F03-4455-B84D-28734ADC23DA}.Debug|Mixed Platforms.Build.0 = Debug|x86
		{D7D70639-3F03-4455-B84D-28734ADC23DA}.Debug|x86.ActiveCfg = Debug|x86
		{D7D70639-3F03-4455-B84D-28734ADC23DA}.Debug|x86.Build.0 = Debug|x86
		{D7D70639-3F03-4455-B84D-28734ADC23DA}.Release|Any CPU.ActiveCfg = Release|x86
		{D7D70639-3F03-4455-B84D-28734ADC23DA}.Release|Mixed Platforms.ActiveCfg = Release|x86
		{D7D70639-3F03-4455-B84D-28734ADC23DA}.Release|Mixed Platforms.Build.0 = Release|x86
		{D7D70639-3F03-4455-B84D-28734ADC23DA}.Release|x86.ActiveCfg = Release|x86
		{D7D70639-3F03-4455-B84D-28734ADC23DA}.Release|x86.Build.0 = Release|x86
		{B096C96B-E96F-4223-AE01-B32D3730DC82}.Debug|Any CPU.ActiveCfg = Debug|x86
		{B096C96B-E96F-4223-AE01-B32D3730DC82}.Debug|Mixed Platforms.ActiveCfg = Debug|x86
		{B096C96B-E96F-4223-AE01-B32D3730DC82}.Debug|Mixed Platforms.Build.0 = Debug|x86
		{B096C96B-E96F-4223-AE01-B32D3730DC82}.Debug|x86.ActiveCfg = Debug|x86
		{B096C96B-E96F-4223-AE01-B32D3730DC82}.Debug|x86.Build.0 = Debug|x86
		{B096C96B-E96F-4223-AE01-B32D3730DC82}.Release|Any CPU.ActiveCfg = Release|x86
		{B096C96B-E96F-4223-AE01-B32D3730DC82}.Release|Mixed Platforms.ActiveCfg = Release|x86
		{B096C96B-E96F-4223-AE01-B32D3730DC82}.Release|Mixed Platforms.Build.0 = Release|x86
		{B096C96B-E96F-4223-AE01-B32D3730DC82}.Release|x86.ActiveCfg = Release|x86
		{B096C96B-E96F-4223-AE01-B32D3730DC82}.Release|x86.Build.0 = Release|x86
		{C4A3DF41-C6D7-4209-9EFB-07FA7DF86327}.Debug|Any CPU.ActiveCfg = Debug|x86
		{C4A3DF41-C6D7-4209-9EFB-07FA7DF86327}.Debug|Mixed Platforms.ActiveCfg = Debug|x86
		{C4A3DF41-C6D7-4209-9EFB-07FA7DF86327}.Debug|Mixed Platforms.Build.0 = Debug|x86
		{C4A3DF41-C6D7-4209-9EFB-07FA7DF86327}.Debug|x86.ActiveCfg = Debug|x86
		{C4A3DF41-C6D7-4209-9EFB-07FA7DF86327}.Debug|x86.Build.0 = Debug|x86
		{C4A3DF41-C6D7-4209-9EFB-07FA7DF86327}.Release|Any CPU.ActiveCfg = Release|x86
		{C4A3DF41-C6D7-4209-9EFB-07FA7DF86327}.Release|Mixed Platforms.ActiveCfg = Release|x86
		{C4A3DF41-C6D7-4209-9EFB-07FA7DF86327}.Release|Mixed Platforms.Build.0 = Release|x86
		{C4A3DF41-C6D7-4209-9EFB-07FA7DF86327}.Release|x86.ActiveCfg = Release|x86
		{C4A3DF41-C6D7-4209-9EFB-07FA7DF86327}.Release|x86.Build.0 = Release|x86
		{167BC40B-C87E-4972-B8A2-903F6F160B6B}.Debug|Any CPU.ActiveCfg = Debug|x86
		{167BC40B-C87E-4972-B8A2-903F6F160B6B}.Debug|Mixed Platforms.ActiveCfg = Debug|x86
		{167BC40B-C87E-4972-B8A2-903F6F160B6B}.Debug|Mixed Platforms.Build.0 = Debug|x86
		{167BC40B-C87E-4972-B8A2-903F6F160B6B}.Debug|x86.ActiveCfg = Debug|x86
		{167BC40B-C87E-4972-B8A2-903F6F160B6B}.Debug|x86.Build.0 = Debug|x86
		{167BC40B-C87E-4972-B8A2-903F6F160B6B}.Release|Any CPU.ActiveCfg = Release|x86
		{167BC40B-C87E-4972-B8A2-903F6F160B6B}.Release|Mixed Platforms.ActiveCfg = Release|x86
		{167BC40B-C87E-4972-B8A2-903F6F160B6B}.Release|Mixed Platforms.Build.0 = Release|x86
		{167BC40B-C87E-4972-B8A2-903F6F160B6B}.Release|x86.ActiveCfg = Release|x86
		{167BC40B-C87E-4972-B8A2-903F6F160B6B}.Release|x86.Build.0 = Release|x86
		{1C9B33CD-0FE1-431C-BBC4-88463568F891}.Debug|Any CPU.ActiveCfg = Debug|x86
		{1C9B33CD-0FE1-431C-BBC4-88463568F891}.Debug|Mixed Platforms.ActiveCfg = Debug|x86
		{1C9B33CD-0FE1-431C-BBC4-88463568F891}.Debug|Mixed Platforms.Build.0 = Debug|x86
		{1C9B33CD-0FE1-431C-BBC4-88463568F891}.Debug|x86.ActiveCfg = Debug|x86
		{1C9B33CD-0FE1-431C-BBC4-88463568F891}.Debug|x86.Build.0 = Debug|x86
		{1C9B33CD-0FE1-431C-BBC4-88463568F891}.Release|Any CPU.ActiveCfg = Release|x86
		{1C9B33CD-0FE1-431C-BBC4-88463568F891}.Release|Mixed Platforms.ActiveCfg = Release|x86
		{1C9B33CD-0FE1-431C-BBC4-88463568F891}.Release|Mixed Platforms.Build.0 = Release|x86
		{1C9B33CD-0FE1-431C-BBC4-88463568F891}.Release|x86.ActiveCfg = Release|x86
		{1C9B33CD-0FE1-431C-BBC4-88463568F891}.Release|x86.Build.0 = Release|x86
		{14338B89-EEC4-45CC-A87F-2507FE32A32E}.Debug|Any CPU.ActiveCfg = Debug|Any CPU
		{14338B89-EEC4-45CC-A87F-2507FE32A32E}.Debug|Any CPU.Build.0 = Debug|Any CPU
		{14338B89-EEC4-45CC-A87F-2507FE32A32E}.Debug|Mixed Platforms.ActiveCfg = Debug|Any CPU
		{14338B89-EEC4-45CC-A87F-2507FE32A32E}.Debug|Mixed Platforms.Build.0 = Debug|Any CPU
		{14338B89-EEC4-45CC-A87F-2507FE32A32E}.Debug|x86.ActiveCfg = Debug|Any CPU
		{14338B89-EEC4-45CC-A87F-2507FE32A32E}.Release|Any CPU.ActiveCfg = Release|Any CPU
		{14338B89-EEC4-45CC-A87F-2507FE32A32E}.Release|Any CPU.Build.0 = Release|Any CPU
		{14338B89-EEC4-45CC-A87F-2507FE32A32E}.Release|Mixed Platforms.ActiveCfg = Release|Any CPU
		{14338B89-EEC4-45CC-A87F-2507FE32A32E}.Release|Mixed Platforms.Build.0 = Release|Any CPU
		{14338B89-EEC4-45CC-A87F-2507FE32A32E}.Release|x86.ActiveCfg = Release|Any CPU
		{BCC4274C-8F5A-4DFA-AE3E-7AA6CF3242AC}.Debug|Any CPU.ActiveCfg = Debug|Any CPU
		{BCC4274C-8F5A-4DFA-AE3E-7AA6CF3242AC}.Debug|Any CPU.Build.0 = Debug|Any CPU
		{BCC4274C-8F5A-4DFA-AE3E-7AA6CF3242AC}.Debug|Mixed Platforms.ActiveCfg = Debug|Any CPU
		{BCC4274C-8F5A-4DFA-AE3E-7AA6CF3242AC}.Debug|Mixed Platforms.Build.0 = Debug|Any CPU
		{BCC4274C-8F5A-4DFA-AE3E-7AA6CF3242AC}.Debug|x86.ActiveCfg = Debug|Any CPU
		{BCC4274C-8F5A-4DFA-AE3E-7AA6CF3242AC}.Release|Any CPU.ActiveCfg = Release|Any CPU
		{BCC4274C-8F5A-4DFA-AE3E-7AA6CF3242AC}.Release|Any CPU.Build.0 = Release|Any CPU
		{BCC4274C-8F5A-4DFA-AE3E-7AA6CF3242AC}.Release|Mixed Platforms.ActiveCfg = Release|Any CPU
		{BCC4274C-8F5A-4DFA-AE3E-7AA6CF3242AC}.Release|Mixed Platforms.Build.0 = Release|Any CPU
		{BCC4274C-8F5A-4DFA-AE3E-7AA6CF3242AC}.Release|x86.ActiveCfg = Release|Any CPU
		{E3814D0C-6BA3-428E-A052-FBD374A6EEEB}.Debug|Any CPU.ActiveCfg = Debug|x86
		{E3814D0C-6BA3-428E-A052-FBD374A6EEEB}.Debug|Mixed Platforms.ActiveCfg = Debug|x86
		{E3814D0C-6BA3-428E-A052-FBD374A6EEEB}.Debug|Mixed Platforms.Build.0 = Debug|x86
		{E3814D0C-6BA3-428E-A052-FBD374A6EEEB}.Debug|x86.ActiveCfg = Debug|x86
		{E3814D0C-6BA3-428E-A052-FBD374A6EEEB}.Debug|x86.Build.0 = Debug|x86
		{E3814D0C-6BA3-428E-A052-FBD374A6EEEB}.Release|Any CPU.ActiveCfg = Release|x86
		{E3814D0C-6BA3-428E-A052-FBD374A6EEEB}.Release|Mixed Platforms.ActiveCfg = Release|x86
		{E3814D0C-6BA3-428E-A052-FBD374A6EEEB}.Release|Mixed Platforms.Build.0 = Release|x86
		{E3814D0C-6BA3-428E-A052-FBD374A6EEEB}.Release|x86.ActiveCfg = Release|x86
		{E3814D0C-6BA3-428E-A052-FBD374A6EEEB}.Release|x86.Build.0 = Release|x86
		{E9EC47A0-0791-4EEA-BADC-AF8615F553F3}.Debug|Any CPU.ActiveCfg = Debug|x86
		{E9EC47A0-0791-4EEA-BADC-AF8615F553F3}.Debug|Mixed Platforms.ActiveCfg = Debug|x86
		{E9EC47A0-0791-4EEA-BADC-AF8615F553F3}.Debug|Mixed Platforms.Build.0 = Debug|x86
		{E9EC47A0-0791-4EEA-BADC-AF8615F553F3}.Debug|x86.ActiveCfg = Debug|x86
		{E9EC47A0-0791-4EEA-BADC-AF8615F553F3}.Debug|x86.Build.0 = Debug|x86
		{E9EC47A0-0791-4EEA-BADC-AF8615F553F3}.Release|Any CPU.ActiveCfg = Release|x86
		{E9EC47A0-0791-4EEA-BADC-AF8615F553F3}.Release|Mixed Platforms.ActiveCfg = Release|x86
		{E9EC47A0-0791-4EEA-BADC-AF8615F553F3}.Release|Mixed Platforms.Build.0 = Release|x86
		{E9EC47A0-0791-4EEA-BADC-AF8615F553F3}.Release|x86.ActiveCfg = Release|x86
		{E9EC47A0-0791-4EEA-BADC-AF8615F553F3}.Release|x86.Build.0 = Release|x86
		{BD297B69-7611-4310-82DA-2B772248CD10}.Debug|Any CPU.ActiveCfg = Debug|x86
		{BD297B69-7611-4310-82DA-2B772248CD10}.Debug|Mixed Platforms.ActiveCfg = Debug|x86
		{BD297B69-7611-4310-82DA-2B772248CD10}.Debug|Mixed Platforms.Build.0 = Debug|x86
		{BD297B69-7611-4310-82DA-2B772248CD10}.Debug|x86.ActiveCfg = Debug|x86
		{BD297B69-7611-4310-82DA-2B772248CD10}.Debug|x86.Build.0 = Debug|x86
		{BD297B69-7611-4310-82DA-2B772248CD10}.Release|Any CPU.ActiveCfg = Release|x86
		{BD297B69-7611-4310-82DA-2B772248CD10}.Release|Mixed Platforms.ActiveCfg = Release|x86
		{BD297B69-7611-4310-82DA-2B772248CD10}.Release|Mixed Platforms.Build.0 = Release|x86
		{BD297B69-7611-4310-82DA-2B772248CD10}.Release|x86.ActiveCfg = Release|x86
		{BD297B69-7611-4310-82DA-2B772248CD10}.Release|x86.Build.0 = Release|x86
		{A97255F0-74B3-4C03-B623-EC0E37E80A3C}.Debug|Any CPU.ActiveCfg = Debug|Any CPU
		{A97255F0-74B3-4C03-B623-EC0E37E80A3C}.Debug|Any CPU.Build.0 = Debug|Any CPU
		{A97255F0-74B3-4C03-B623-EC0E37E80A3C}.Debug|Mixed Platforms.ActiveCfg = Debug|Any CPU
		{A97255F0-74B3-4C03-B623-EC0E37E80A3C}.Debug|Mixed Platforms.Build.0 = Debug|Any CPU
		{A97255F0-74B3-4C03-B623-EC0E37E80A3C}.Debug|x86.ActiveCfg = Debug|Any CPU
		{A97255F0-74B3-4C03-B623-EC0E37E80A3C}.Release|Any CPU.ActiveCfg = Release|Any CPU
		{A97255F0-74B3-4C03-B623-EC0E37E80A3C}.Release|Any CPU.Build.0 = Release|Any CPU
		{A97255F0-74B3-4C03-B623-EC0E37E80A3C}.Release|Mixed Platforms.ActiveCfg = Release|Any CPU
		{A97255F0-74B3-4C03-B623-EC0E37E80A3C}.Release|Mixed Platforms.Build.0 = Release|Any CPU
		{A97255F0-74B3-4C03-B623-EC0E37E80A3C}.Release|x86.ActiveCfg = Release|Any CPU
		{35C8F2A0-BD3F-476F-A622-51531EAB91C2}.Debug|Any CPU.ActiveCfg = Debug|Any CPU
		{35C8F2A0-BD3F-476F-A622-51531EAB91C2}.Debug|Any CPU.Build.0 = Debug|Any CPU
		{35C8F2A0-BD3F-476F-A622-51531EAB91C2}.Debug|Mixed Platforms.ActiveCfg = Debug|Any CPU
		{35C8F2A0-BD3F-476F-A622-51531EAB91C2}.Debug|Mixed Platforms.Build.0 = Debug|Any CPU
		{35C8F2A0-BD3F-476F-A622-51531EAB91C2}.Debug|x86.ActiveCfg = Debug|Any CPU
		{35C8F2A0-BD3F-476F-A622-51531EAB91C2}.Release|Any CPU.ActiveCfg = Release|Any CPU
		{35C8F2A0-BD3F-476F-A622-51531EAB91C2}.Release|Any CPU.Build.0 = Release|Any CPU
		{35C8F2A0-BD3F-476F-A622-51531EAB91C2}.Release|Mixed Platforms.ActiveCfg = Release|Any CPU
		{35C8F2A0-BD3F-476F-A622-51531EAB91C2}.Release|Mixed Platforms.Build.0 = Release|Any CPU
		{35C8F2A0-BD3F-476F-A622-51531EAB91C2}.Release|x86.ActiveCfg = Release|Any CPU
		{D506B009-76DA-45BE-9F1B-C3124FE82EEC}.Debug|Any CPU.ActiveCfg = Debug|Any CPU
		{D506B009-76DA-45BE-9F1B-C3124FE82EEC}.Debug|Any CPU.Build.0 = Debug|Any CPU
		{D506B009-76DA-45BE-9F1B-C3124FE82EEC}.Debug|Mixed Platforms.ActiveCfg = Debug|Any CPU
		{D506B009-76DA-45BE-9F1B-C3124FE82EEC}.Debug|Mixed Platforms.Build.0 = Debug|Any CPU
		{D506B009-76DA-45BE-9F1B-C3124FE82EEC}.Debug|x86.ActiveCfg = Debug|Any CPU
		{D506B009-76DA-45BE-9F1B-C3124FE82EEC}.Release|Any CPU.ActiveCfg = Release|Any CPU
		{D506B009-76DA-45BE-9F1B-C3124FE82EEC}.Release|Any CPU.Build.0 = Release|Any CPU
		{D506B009-76DA-45BE-9F1B-C3124FE82EEC}.Release|Mixed Platforms.ActiveCfg = Release|Any CPU
		{D506B009-76DA-45BE-9F1B-C3124FE82EEC}.Release|Mixed Platforms.Build.0 = Release|Any CPU
		{D506B009-76DA-45BE-9F1B-C3124FE82EEC}.Release|x86.ActiveCfg = Release|Any CPU
		{914A72C1-18C2-40BB-8133-E22CA2856A9F}.Debug|Any CPU.ActiveCfg = Debug|Any CPU
		{914A72C1-18C2-40BB-8133-E22CA2856A9F}.Debug|Any CPU.Build.0 = Debug|Any CPU
		{914A72C1-18C2-40BB-8133-E22CA2856A9F}.Debug|Mixed Platforms.ActiveCfg = Debug|Any CPU
		{914A72C1-18C2-40BB-8133-E22CA2856A9F}.Debug|Mixed Platforms.Build.0 = Debug|Any CPU
		{914A72C1-18C2-40BB-8133-E22CA2856A9F}.Debug|x86.ActiveCfg = Debug|Any CPU
		{914A72C1-18C2-40BB-8133-E22CA2856A9F}.Release|Any CPU.ActiveCfg = Release|Any CPU
		{914A72C1-18C2-40BB-8133-E22CA2856A9F}.Release|Any CPU.Build.0 = Release|Any CPU
		{914A72C1-18C2-40BB-8133-E22CA2856A9F}.Release|Mixed Platforms.ActiveCfg = Release|Any CPU
		{914A72C1-18C2-40BB-8133-E22CA2856A9F}.Release|Mixed Platforms.Build.0 = Release|Any CPU
		{914A72C1-18C2-40BB-8133-E22CA2856A9F}.Release|x86.ActiveCfg = Release|Any CPU
		{A47658AE-39C4-4934-813E-46C034B4DC1F}.Debug|Any CPU.ActiveCfg = Debug|Any CPU
		{A47658AE-39C4-4934-813E-46C034B4DC1F}.Debug|Any CPU.Build.0 = Debug|Any CPU
		{A47658AE-39C4-4934-813E-46C034B4DC1F}.Debug|Mixed Platforms.ActiveCfg = Debug|Any CPU
		{A47658AE-39C4-4934-813E-46C034B4DC1F}.Debug|Mixed Platforms.Build.0 = Debug|Any CPU
		{A47658AE-39C4-4934-813E-46C034B4DC1F}.Debug|x86.ActiveCfg = Debug|Any CPU
		{A47658AE-39C4-4934-813E-46C034B4DC1F}.Release|Any CPU.ActiveCfg = Release|Any CPU
		{A47658AE-39C4-4934-813E-46C034B4DC1F}.Release|Any CPU.Build.0 = Release|Any CPU
		{A47658AE-39C4-4934-813E-46C034B4DC1F}.Release|Mixed Platforms.ActiveCfg = Release|Any CPU
		{A47658AE-39C4-4934-813E-46C034B4DC1F}.Release|Mixed Platforms.Build.0 = Release|Any CPU
		{A47658AE-39C4-4934-813E-46C034B4DC1F}.Release|x86.ActiveCfg = Release|Any CPU
		{C71FB42E-FABC-4D33-84B2-DE687C7FCE21}.Debug|Any CPU.ActiveCfg = Debug|Any CPU
		{C71FB42E-FABC-4D33-84B2-DE687C7FCE21}.Debug|Any CPU.Build.0 = Debug|Any CPU
		{C71FB42E-FABC-4D33-84B2-DE687C7FCE21}.Debug|Mixed Platforms.ActiveCfg = Debug|Any CPU
		{C71FB42E-FABC-4D33-84B2-DE687C7FCE21}.Debug|Mixed Platforms.Build.0 = Debug|Any CPU
		{C71FB42E-FABC-4D33-84B2-DE687C7FCE21}.Debug|x86.ActiveCfg = Debug|Any CPU
		{C71FB42E-FABC-4D33-84B2-DE687C7FCE21}.Release|Any CPU.ActiveCfg = Release|Any CPU
		{C71FB42E-FABC-4D33-84B2-DE687C7FCE21}.Release|Any CPU.Build.0 = Release|Any CPU
		{C71FB42E-FABC-4D33-84B2-DE687C7FCE21}.Release|Mixed Platforms.ActiveCfg = Release|Any CPU
		{C71FB42E-FABC-4D33-84B2-DE687C7FCE21}.Release|Mixed Platforms.Build.0 = Release|Any CPU
		{C71FB42E-FABC-4D33-84B2-DE687C7FCE21}.Release|x86.ActiveCfg = Release|Any CPU
		{848C27CA-1539-41F9-896A-7C0CFE57AD9E}.Debug|Any CPU.ActiveCfg = Debug|x86
		{848C27CA-1539-41F9-896A-7C0CFE57AD9E}.Debug|Mixed Platforms.ActiveCfg = Debug|x86
		{848C27CA-1539-41F9-896A-7C0CFE57AD9E}.Debug|Mixed Platforms.Build.0 = Debug|x86
		{848C27CA-1539-41F9-896A-7C0CFE57AD9E}.Debug|x86.ActiveCfg = Debug|x86
		{848C27CA-1539-41F9-896A-7C0CFE57AD9E}.Debug|x86.Build.0 = Debug|x86
		{848C27CA-1539-41F9-896A-7C0CFE57AD9E}.Release|Any CPU.ActiveCfg = Release|x86
		{848C27CA-1539-41F9-896A-7C0CFE57AD9E}.Release|Mixed Platforms.ActiveCfg = Release|x86
		{848C27CA-1539-41F9-896A-7C0CFE57AD9E}.Release|Mixed Platforms.Build.0 = Release|x86
		{848C27CA-1539-41F9-896A-7C0CFE57AD9E}.Release|x86.ActiveCfg = Release|x86
		{848C27CA-1539-41F9-896A-7C0CFE57AD9E}.Release|x86.Build.0 = Release|x86
		{FBB8EE30-CE9B-41CA-8113-3AD4F385BB37}.Debug|Any CPU.ActiveCfg = Debug|Any CPU
		{FBB8EE30-CE9B-41CA-8113-3AD4F385BB37}.Debug|Any CPU.Build.0 = Debug|Any CPU
		{FBB8EE30-CE9B-41CA-8113-3AD4F385BB37}.Debug|Mixed Platforms.ActiveCfg = Debug|Any CPU
		{FBB8EE30-CE9B-41CA-8113-3AD4F385BB37}.Debug|Mixed Platforms.Build.0 = Debug|Any CPU
		{FBB8EE30-CE9B-41CA-8113-3AD4F385BB37}.Debug|x86.ActiveCfg = Debug|Any CPU
		{FBB8EE30-CE9B-41CA-8113-3AD4F385BB37}.Release|Any CPU.ActiveCfg = Release|Any CPU
		{FBB8EE30-CE9B-41CA-8113-3AD4F385BB37}.Release|Any CPU.Build.0 = Release|Any CPU
		{FBB8EE30-CE9B-41CA-8113-3AD4F385BB37}.Release|Mixed Platforms.ActiveCfg = Release|Any CPU
		{FBB8EE30-CE9B-41CA-8113-3AD4F385BB37}.Release|Mixed Platforms.Build.0 = Release|Any CPU
		{FBB8EE30-CE9B-41CA-8113-3AD4F385BB37}.Release|x86.ActiveCfg = Release|Any CPU
		{F3572A95-E99D-485F-B4F3-EF26F49C094B}.Debug|Any CPU.ActiveCfg = Debug|Any CPU
		{F3572A95-E99D-485F-B4F3-EF26F49C094B}.Debug|Any CPU.Build.0 = Debug|Any CPU
		{F3572A95-E99D-485F-B4F3-EF26F49C094B}.Debug|Mixed Platforms.ActiveCfg = Debug|Any CPU
		{F3572A95-E99D-485F-B4F3-EF26F49C094B}.Debug|Mixed Platforms.Build.0 = Debug|Any CPU
		{F3572A95-E99D-485F-B4F3-EF26F49C094B}.Debug|x86.ActiveCfg = Debug|Any CPU
		{F3572A95-E99D-485F-B4F3-EF26F49C094B}.Release|Any CPU.ActiveCfg = Release|Any CPU
		{F3572A95-E99D-485F-B4F3-EF26F49C094B}.Release|Any CPU.Build.0 = Release|Any CPU
		{F3572A95-E99D-485F-B4F3-EF26F49C094B}.Release|Mixed Platforms.ActiveCfg = Release|Any CPU
		{F3572A95-E99D-485F-B4F3-EF26F49C094B}.Release|Mixed Platforms.Build.0 = Release|Any CPU
		{F3572A95-E99D-485F-B4F3-EF26F49C094B}.Release|x86.ActiveCfg = Release|Any CPU
		{5E0317D7-2267-4E06-9B5F-9DC258533B93}.Debug|Any CPU.ActiveCfg = Debug|Any CPU
		{5E0317D7-2267-4E06-9B5F-9DC258533B93}.Debug|Any CPU.Build.0 = Debug|Any CPU
		{5E0317D7-2267-4E06-9B5F-9DC258533B93}.Debug|Mixed Platforms.ActiveCfg = Debug|Any CPU
		{5E0317D7-2267-4E06-9B5F-9DC258533B93}.Debug|Mixed Platforms.Build.0 = Debug|Any CPU
		{5E0317D7-2267-4E06-9B5F-9DC258533B93}.Debug|x86.ActiveCfg = Debug|Any CPU
		{5E0317D7-2267-4E06-9B5F-9DC258533B93}.Release|Any CPU.ActiveCfg = Release|Any CPU
		{5E0317D7-2267-4E06-9B5F-9DC258533B93}.Release|Any CPU.Build.0 = Release|Any CPU
		{5E0317D7-2267-4E06-9B5F-9DC258533B93}.Release|Mixed Platforms.ActiveCfg = Release|Any CPU
		{5E0317D7-2267-4E06-9B5F-9DC258533B93}.Release|Mixed Platforms.Build.0 = Release|Any CPU
		{5E0317D7-2267-4E06-9B5F-9DC258533B93}.Release|x86.ActiveCfg = Release|Any CPU
		{B8FA28E9-7142-42D1-9C69-780B71D3940D}.Debug|Any CPU.ActiveCfg = Debug|Any CPU
		{B8FA28E9-7142-42D1-9C69-780B71D3940D}.Debug|Any CPU.Build.0 = Debug|Any CPU
		{B8FA28E9-7142-42D1-9C69-780B71D3940D}.Debug|Mixed Platforms.ActiveCfg = Debug|Any CPU
		{B8FA28E9-7142-42D1-9C69-780B71D3940D}.Debug|Mixed Platforms.Build.0 = Debug|Any CPU
		{B8FA28E9-7142-42D1-9C69-780B71D3940D}.Debug|x86.ActiveCfg = Debug|Any CPU
		{B8FA28E9-7142-42D1-9C69-780B71D3940D}.Release|Any CPU.ActiveCfg = Release|Any CPU
		{B8FA28E9-7142-42D1-9C69-780B71D3940D}.Release|Any CPU.Build.0 = Release|Any CPU
		{B8FA28E9-7142-42D1-9C69-780B71D3940D}.Release|Mixed Platforms.ActiveCfg = Release|Any CPU
		{B8FA28E9-7142-42D1-9C69-780B71D3940D}.Release|Mixed Platforms.Build.0 = Release|Any CPU
		{B8FA28E9-7142-42D1-9C69-780B71D3940D}.Release|x86.ActiveCfg = Release|Any CPU
		{BA45BB8E-FC67-459D-94DF-67DC686C6CA0}.Debug|Any CPU.ActiveCfg = Debug|x86
		{BA45BB8E-FC67-459D-94DF-67DC686C6CA0}.Debug|Mixed Platforms.ActiveCfg = Debug|x86
		{BA45BB8E-FC67-459D-94DF-67DC686C6CA0}.Debug|Mixed Platforms.Build.0 = Debug|x86
		{BA45BB8E-FC67-459D-94DF-67DC686C6CA0}.Debug|x86.ActiveCfg = Debug|x86
		{BA45BB8E-FC67-459D-94DF-67DC686C6CA0}.Debug|x86.Build.0 = Debug|x86
		{BA45BB8E-FC67-459D-94DF-67DC686C6CA0}.Release|Any CPU.ActiveCfg = Release|x86
		{BA45BB8E-FC67-459D-94DF-67DC686C6CA0}.Release|Mixed Platforms.ActiveCfg = Release|x86
		{BA45BB8E-FC67-459D-94DF-67DC686C6CA0}.Release|Mixed Platforms.Build.0 = Release|x86
		{BA45BB8E-FC67-459D-94DF-67DC686C6CA0}.Release|x86.ActiveCfg = Release|x86
		{BA45BB8E-FC67-459D-94DF-67DC686C6CA0}.Release|x86.Build.0 = Release|x86
		{CECD26CB-214E-4D4A-99EA-9E304D9AE439}.Debug|Any CPU.ActiveCfg = Debug|x86
		{CECD26CB-214E-4D4A-99EA-9E304D9AE439}.Debug|Mixed Platforms.ActiveCfg = Debug|x86
		{CECD26CB-214E-4D4A-99EA-9E304D9AE439}.Debug|Mixed Platforms.Build.0 = Debug|x86
		{CECD26CB-214E-4D4A-99EA-9E304D9AE439}.Debug|x86.ActiveCfg = Debug|x86
		{CECD26CB-214E-4D4A-99EA-9E304D9AE439}.Debug|x86.Build.0 = Debug|x86
		{CECD26CB-214E-4D4A-99EA-9E304D9AE439}.Release|Any CPU.ActiveCfg = Release|x86
		{CECD26CB-214E-4D4A-99EA-9E304D9AE439}.Release|Mixed Platforms.ActiveCfg = Release|x86
		{CECD26CB-214E-4D4A-99EA-9E304D9AE439}.Release|Mixed Platforms.Build.0 = Release|x86
		{CECD26CB-214E-4D4A-99EA-9E304D9AE439}.Release|x86.ActiveCfg = Release|x86
		{CECD26CB-214E-4D4A-99EA-9E304D9AE439}.Release|x86.Build.0 = Release|x86
	EndGlobalSection
	GlobalSection(SolutionProperties) = preSolution
		HideSolutionNode = FALSE
	EndGlobalSection
	GlobalSection(NestedProjects) = preSolution
		{F96B60F9-6BB2-4A8B-BB88-F2B17DB1CF18} = {6A3200CB-5F81-4E16-B5FB-32BF9395C98E}
		{A1A7BD50-193C-4AB8-B73E-021B374FFCCA} = {6A3200CB-5F81-4E16-B5FB-32BF9395C98E}
		{898ECB12-D464-4514-AE2E-45FE430FE04E} = {6A3200CB-5F81-4E16-B5FB-32BF9395C98E}
		{88C95A8E-C3FE-4CDF-B4B5-A53B63E835D3} = {6A3200CB-5F81-4E16-B5FB-32BF9395C98E}
		{D7D70639-3F03-4455-B84D-28734ADC23DA} = {6A3200CB-5F81-4E16-B5FB-32BF9395C98E}
		{FBB8EE30-CE9B-41CA-8113-3AD4F385BB37} = {6A3200CB-5F81-4E16-B5FB-32BF9395C98E}
		{E900F195-9597-4D32-A963-E461E3416906} = {9AAA7A51-A9C1-4D90-8942-4464D345F4B4}
		{1D295FAE-1B42-44EE-89A8-503AF8A9BD94} = {9AAA7A51-A9C1-4D90-8942-4464D345F4B4}
		{A74EFED6-90BD-4035-8F81-CE19F6CAEF09} = {9AAA7A51-A9C1-4D90-8942-4464D345F4B4}
		{750C8519-982B-4662-BF54-2AC063E18575} = {9AAA7A51-A9C1-4D90-8942-4464D345F4B4}
		{B096C96B-E96F-4223-AE01-B32D3730DC82} = {E900F195-9597-4D32-A963-E461E3416906}
		{C4A3DF41-C6D7-4209-9EFB-07FA7DF86327} = {E900F195-9597-4D32-A963-E461E3416906}
		{E9EC47A0-0791-4EEA-BADC-AF8615F553F3} = {E900F195-9597-4D32-A963-E461E3416906}
		{167BC40B-C87E-4972-B8A2-903F6F160B6B} = {1D295FAE-1B42-44EE-89A8-503AF8A9BD94}
		{BCC4274C-8F5A-4DFA-AE3E-7AA6CF3242AC} = {1D295FAE-1B42-44EE-89A8-503AF8A9BD94}
		{E3814D0C-6BA3-428E-A052-FBD374A6EEEB} = {1D295FAE-1B42-44EE-89A8-503AF8A9BD94}
		{1C9B33CD-0FE1-431C-BBC4-88463568F891} = {A74EFED6-90BD-4035-8F81-CE19F6CAEF09}
		{14338B89-EEC4-45CC-A87F-2507FE32A32E} = {A74EFED6-90BD-4035-8F81-CE19F6CAEF09}
		{BD297B69-7611-4310-82DA-2B772248CD10} = {A74EFED6-90BD-4035-8F81-CE19F6CAEF09}
		{848C27CA-1539-41F9-896A-7C0CFE57AD9E} = {A74EFED6-90BD-4035-8F81-CE19F6CAEF09}
		{4B78C8B3-B68D-45C2-941B-84173CE92254} = {EC72E5C3-AF44-4641-98CC-66F4C3662184}
		{7329E939-ADF0-4051-A9BC-788FD2508B01} = {EC72E5C3-AF44-4641-98CC-66F4C3662184}
		{D506B009-76DA-45BE-9F1B-C3124FE82EEC} = {4B78C8B3-B68D-45C2-941B-84173CE92254}
		{914A72C1-18C2-40BB-8133-E22CA2856A9F} = {4B78C8B3-B68D-45C2-941B-84173CE92254}
		{A47658AE-39C4-4934-813E-46C034B4DC1F} = {4B78C8B3-B68D-45C2-941B-84173CE92254}
		{C71FB42E-FABC-4D33-84B2-DE687C7FCE21} = {4B78C8B3-B68D-45C2-941B-84173CE92254}
		{35C8F2A0-BD3F-476F-A622-51531EAB91C2} = {7329E939-ADF0-4051-A9BC-788FD2508B01}
		{F3572A95-E99D-485F-B4F3-EF26F49C094B} = {750C8519-982B-4662-BF54-2AC063E18575}
		{5E0317D7-2267-4E06-9B5F-9DC258533B93} = {750C8519-982B-4662-BF54-2AC063E18575}
		{B8FA28E9-7142-42D1-9C69-780B71D3940D} = {750C8519-982B-4662-BF54-2AC063E18575}
		{BA45BB8E-FC67-459D-94DF-67DC686C6CA0} = {750C8519-982B-4662-BF54-2AC063E18575}
		{CECD26CB-214E-4D4A-99EA-9E304D9AE439} = {750C8519-982B-4662-BF54-2AC063E18575}
	EndGlobalSection
EndGlobal
